// !$*UTF8*$!
{
	archiveVersion = 1;
	classes = {
	};
	objectVersion = 52;
	objects = {

/* Begin PBXBuildFile section */
		1123BA4E24B85A4600091680 /* MainMenu.xib in Resources */ = {isa = PBXBuildFile; fileRef = 1123BA4D24B85A4600091680 /* MainMenu.xib */; };
		113FD05C24BADF7A00D8F64F /* InBaseObject.swift in Sources */ = {isa = PBXBuildFile; fileRef = 113FD05B24BADF7A00D8F64F /* InBaseObject.swift */; };
		114FEDB924B9DDA80045777D /* OutBaseObject.swift in Sources */ = {isa = PBXBuildFile; fileRef = 114FEDB824B9DDA80045777D /* OutBaseObject.swift */; };
		1158FAB023D6E1610095FED5 /* main.swift in Sources */ = {isa = PBXBuildFile; fileRef = 1158FAAF23D6E1610095FED5 /* main.swift */; };
		116D2D8B23D6C528001FED06 /* unlockSLE.command in Resources */ = {isa = PBXBuildFile; fileRef = 116D2D8A23D6C528001FED06 /* unlockSLE.command */; };
		116D2D8D23D6C540001FED06 /* rebuildCache.command in Resources */ = {isa = PBXBuildFile; fileRef = 116D2D8C23D6C540001FED06 /* rebuildCache.command */; };
		117B27B023E9485C00581352 /* AraHUDView.xib in Resources */ = {isa = PBXBuildFile; fileRef = 117B27AF23E9485C00581352 /* AraHUDView.xib */; };
		117B27B223E94B8E00581352 /* AraHUDViewController.swift in Sources */ = {isa = PBXBuildFile; fileRef = 117B27B123E94B8E00581352 /* AraHUDViewController.swift */; };
		117B27B423E957C600581352 /* AraHUDView.swift in Sources */ = {isa = PBXBuildFile; fileRef = 117B27B323E957C600581352 /* AraHUDView.swift */; };
		1193974723D1BF380096297C /* OtherObject.swift in Sources */ = {isa = PBXBuildFile; fileRef = 1193974623D1BF380096297C /* OtherObject.swift */; };
		1193974923D1C1390096297C /* MyTool.swift in Sources */ = {isa = PBXBuildFile; fileRef = 1193974823D1C1390096297C /* MyTool.swift */; };
		1193974C23D1C7BA0096297C /* MyLog.swift in Sources */ = {isa = PBXBuildFile; fileRef = 1193974B23D1C7BA0096297C /* MyLog.swift */; };
		11A5716923D6EBAC00437951 /* GitHubUpdates.framework in Frameworks */ = {isa = PBXBuildFile; fileRef = 11A5716823D6EB4200437951 /* GitHubUpdates.framework */; };
		11A5716A23D6EBAC00437951 /* GitHubUpdates.framework in Embed Frameworks */ = {isa = PBXBuildFile; fileRef = 11A5716823D6EB4200437951 /* GitHubUpdates.framework */; settings = {ATTRIBUTES = (CodeSignOnCopy, RemoveHeadersOnCopy, ); }; };
		11D5C27A23D1B63700461A78 /* MyAsset.swift in Sources */ = {isa = PBXBuildFile; fileRef = 11D5C27923D1B63700461A78 /* MyAsset.swift */; };
		6A046F2E242F4170004FFFD5 /* PCIObject.swift in Sources */ = {isa = PBXBuildFile; fileRef = 6A046F2D242F4170004FFFD5 /* PCIObject.swift */; };
		6A0DC962241041E3000E9775 /* openEFI.command in Resources */ = {isa = PBXBuildFile; fileRef = 6A0DC961241041E3000E9775 /* openEFI.command */; };
		6A1181AB24BF04EA0091AF99 /* rebuildCacheBS.command in Resources */ = {isa = PBXBuildFile; fileRef = 6A1181AA24BF04EA0091AF99 /* rebuildCacheBS.command */; };
		6A188A3824619E8500CBE5B7 /* OpenCoreObject.swift in Sources */ = {isa = PBXBuildFile; fileRef = 6A188A3724619E8500CBE5B7 /* OpenCoreObject.swift */; };
		6A188A3E2461C87700CBE5B7 /* syncDatas.command in Resources */ = {isa = PBXBuildFile; fileRef = 6A188A3D2461C87700CBE5B7 /* syncDatas.command */; };
		6A188A4124624D3900CBE5B7 /* SwiftyMarkdown in Frameworks */ = {isa = PBXBuildFile; productRef = 6A188A4024624D3900CBE5B7 /* SwiftyMarkdown */; };
		6A188A4A2464EA9500CBE5B7 /* dspci.command in Resources */ = {isa = PBXBuildFile; fileRef = 6A188A492464EA9500CBE5B7 /* dspci.command */; };
		6A188A4C2464F94700CBE5B7 /* pcipath.command in Resources */ = {isa = PBXBuildFile; fileRef = 6A188A4B2464F94700CBE5B7 /* pcipath.command */; };
		6A188AAB24659CC200CBE5B7 /* CompareObject.swift in Sources */ = {isa = PBXBuildFile; fileRef = 6A188AAA24659CC200CBE5B7 /* CompareObject.swift */; };
		6A1E571C23F31AB5004E8430 /* IORegObject.swift in Sources */ = {isa = PBXBuildFile; fileRef = 6A1E571B23F31AB5004E8430 /* IORegObject.swift */; };
		6A20F6B223F80BA700E69F60 /* OCVersion.command in Resources */ = {isa = PBXBuildFile; fileRef = 6A20F6B123F80BA700E69F60 /* OCVersion.command */; };
		6A21D45923EE869B007D7CE9 /* timeMachine.command in Resources */ = {isa = PBXBuildFile; fileRef = 6A21D45623EE869B007D7CE9 /* timeMachine.command */; };
		6A2468012441B4F1001B7D29 /* tools in Resources */ = {isa = PBXBuildFile; fileRef = 6A2468002441B4F1001B7D29 /* tools */; };
		6A2468032441B647001B7D29 /* plists in Resources */ = {isa = PBXBuildFile; fileRef = 6A2468022441B647001B7D29 /* plists */; };
		6A2D271123DF324100238E46 /* NvramObject.swift in Sources */ = {isa = PBXBuildFile; fileRef = 6A2D271023DF324100238E46 /* NvramObject.swift */; };
		6A36D49823F85BD500CD042B /* CloverVersion.command in Resources */ = {isa = PBXBuildFile; fileRef = 6A36D49723F85BD500CD042B /* CloverVersion.command */; };
		6A3BBF1324D4772700C22732 /* kextsInstaller.command in Resources */ = {isa = PBXBuildFile; fileRef = 6A3BBF1224D4772700C22732 /* kextsInstaller.command */; };
		6A427D1323E459BD00A0B4E3 /* LockPicObject.swift in Sources */ = {isa = PBXBuildFile; fileRef = 6A427D1223E459BC00A0B4E3 /* LockPicObject.swift */; };
		6A427D1623E4618F00A0B4E3 /* changeLockPicture.command in Resources */ = {isa = PBXBuildFile; fileRef = 6A427D1523E4618F00A0B4E3 /* changeLockPicture.command */; };
		6A48CC50244CC1ED00AFC97A /* makeInstaller.command in Resources */ = {isa = PBXBuildFile; fileRef = 6A48CC4C244CC1EC00AFC97A /* makeInstaller.command */; };
		6A48CC51244CC1ED00AFC97A /* downloadCatalogs.command in Resources */ = {isa = PBXBuildFile; fileRef = 6A48CC4D244CC1EC00AFC97A /* downloadCatalogs.command */; };
		6A48CC52244CC1ED00AFC97A /* downloadInstaller.command in Resources */ = {isa = PBXBuildFile; fileRef = 6A48CC4E244CC1EC00AFC97A /* downloadInstaller.command */; };
		6A48CC53244CC1ED00AFC97A /* versionInfo.command in Resources */ = {isa = PBXBuildFile; fileRef = 6A48CC4F244CC1ED00AFC97A /* versionInfo.command */; };
		6A4A9FA323E59F86008D8EF8 /* sipStatus.command in Resources */ = {isa = PBXBuildFile; fileRef = 6A4A9FA223E59F86008D8EF8 /* sipStatus.command */; };
		6A4B7E8B23F9B63300A6EFFF /* alipay.jpg in Resources */ = {isa = PBXBuildFile; fileRef = 6AE76A6D23F9B4F900B931F1 /* alipay.jpg */; };
		6A4B7E8C23F9B63300A6EFFF /* wechatpay.jpg in Resources */ = {isa = PBXBuildFile; fileRef = 6AE76A6E23F9B4F900B931F1 /* wechatpay.jpg */; };
		6A54B4752408159A000BCFE7 /* showhiddenFiles.command in Resources */ = {isa = PBXBuildFile; fileRef = 6A54B4742408159A000BCFE7 /* showhiddenFiles.command */; };
		6A5F0DF024311AAE002C6865 /* paths.command in Resources */ = {isa = PBXBuildFile; fileRef = 6A5F0DEF24311AAE002C6865 /* paths.command */; };
		6A5F0DF224311B61002C6865 /* ports.command in Resources */ = {isa = PBXBuildFile; fileRef = 6A5F0DF124311B61002C6865 /* ports.command */; };
		6A6B939D2469ADE800562B96 /* mergely in Resources */ = {isa = PBXBuildFile; fileRef = 6A6B939C2469ADE800562B96 /* mergely */; };
		6A723DE8240BEE30007EB3AD /* systeminfo.command in Resources */ = {isa = PBXBuildFile; fileRef = 6A723DE7240BEE30007EB3AD /* systeminfo.command */; };
		6A723E11240C1D94007EB3AD /* Localizable.strings in Resources */ = {isa = PBXBuildFile; fileRef = 6A723E13240C1D94007EB3AD /* Localizable.strings */; };
		6A723E18240E71DE007EB3AD /* diskUnmount.command in Resources */ = {isa = PBXBuildFile; fileRef = 6A723E17240E71DE007EB3AD /* diskUnmount.command */; };
		6A7A718C23D82DAE0082FA94 /* DiskObject.swift in Sources */ = {isa = PBXBuildFile; fileRef = 6A7A718B23D82DAE0082FA94 /* DiskObject.swift */; };
		6A7A719123D845DB0082FA94 /* diskInfo.command in Resources */ = {isa = PBXBuildFile; fileRef = 6A7A718F23D845DB0082FA94 /* diskInfo.command */; };
		6A7AC9E3242E32570008A43A /* Highlightr.framework in Frameworks */ = {isa = PBXBuildFile; fileRef = 6A7AC9E2242E324B0008A43A /* Highlightr.framework */; };
		6A7AC9E4242E32570008A43A /* Highlightr.framework in Embed Frameworks */ = {isa = PBXBuildFile; fileRef = 6A7AC9E2242E324B0008A43A /* Highlightr.framework */; settings = {ATTRIBUTES = (CodeSignOnCopy, RemoveHeadersOnCopy, ); }; };
		6A817EB0240ABE74003224DE /* InfoObject.swift in Sources */ = {isa = PBXBuildFile; fileRef = 6A817EAF240ABE74003224DE /* InfoObject.swift */; };
		6A817EB2240ABEA6003224DE /* ConfigObject.swift in Sources */ = {isa = PBXBuildFile; fileRef = 6A817EB1240ABEA6003224DE /* ConfigObject.swift */; };
		6A817EB4240ABEDA003224DE /* AppleIntelInfoObject.swift in Sources */ = {isa = PBXBuildFile; fileRef = 6A817EB3240ABEDA003224DE /* AppleIntelInfoObject.swift */; };
		6A817EB6240ABEF4003224DE /* KextsObject.swift in Sources */ = {isa = PBXBuildFile; fileRef = 6A817EB5240ABEF4003224DE /* KextsObject.swift */; };
		6A83161724D10C0A001FD148 /* InstallKextsObject.swift in Sources */ = {isa = PBXBuildFile; fileRef = 6A83161624D10C0A001FD148 /* InstallKextsObject.swift */; };
		6A83161D24D1EBE3001FD148 /* NSDraggingInfo+FilePathURL.swift in Sources */ = {isa = PBXBuildFile; fileRef = 6A83161B24D1EBE3001FD148 /* NSDraggingInfo+FilePathURL.swift */; };
		6A83161E24D1EBE3001FD148 /* DragDropView.swift in Sources */ = {isa = PBXBuildFile; fileRef = 6A83161C24D1EBE3001FD148 /* DragDropView.swift */; };
		6A87220523F5B4C100D77EEF /* WebKit.framework in Frameworks */ = {isa = PBXBuildFile; fileRef = 6A87220323F5B4C100D77EEF /* WebKit.framework */; };
		6A8E38D124362F4D00A09CE7 /* OSObject.swift in Sources */ = {isa = PBXBuildFile; fileRef = 6A8E38D024362F4D00A09CE7 /* OSObject.swift */; };
		6A8E53D123F40289001E59D3 /* AppleIntelInfo.command in Resources */ = {isa = PBXBuildFile; fileRef = 6A8E53D023F40289001E59D3 /* AppleIntelInfo.command */; };
		6A94A5E2244CDE7C0084A93D /* exit.command in Resources */ = {isa = PBXBuildFile; fileRef = 6A94A5E1244CDE7C0084A93D /* exit.command */; };
		6AA130DF24744E6F00ECD331 /* README.md in Resources */ = {isa = PBXBuildFile; fileRef = 6AA130DB24744E6F00ECD331 /* README.md */; };
		6AA6EE0723E5859900BF15FD /* resetLockPicture.command in Resources */ = {isa = PBXBuildFile; fileRef = 6AA6EE0623E5859900BF15FD /* resetLockPicture.command */; };
		6AAA503D24BC47FB00D8E7FC /* Snapshot.command in Resources */ = {isa = PBXBuildFile; fileRef = 6AAA503924BC47FB00D8E7FC /* Snapshot.command */; };
		6AAB654124154A0200116D13 /* kextLastest.command in Resources */ = {isa = PBXBuildFile; fileRef = 6AAB654024154A0200116D13 /* kextLastest.command */; };
		6AAB65592416C0F500116D13 /* download.command in Resources */ = {isa = PBXBuildFile; fileRef = 6AAB65582416C0F500116D13 /* download.command */; };
		6AAB82CA23D205E300ACFB81 /* ShareObject.swift in Sources */ = {isa = PBXBuildFile; fileRef = 6AAB82C923D205E300ACFB81 /* ShareObject.swift */; };
		6AAB82D023D22C0E00ACFB81 /* getEFI.command in Resources */ = {isa = PBXBuildFile; fileRef = 6AAB82CF23D22C0E00ACFB81 /* getEFI.command */; };
		6AAFC6902414CD550059A609 /* kextscurrentVersion.command in Resources */ = {isa = PBXBuildFile; fileRef = 6AAFC68F2414CD550059A609 /* kextscurrentVersion.command */; };
		6AB7A19E2434AD2800BA8690 /* printPlist.command in Resources */ = {isa = PBXBuildFile; fileRef = 6AB7A19D2434AD2800BA8690 /* printPlist.command */; };
		6AB8B6FC23D582FC00A993C5 /* spctl.command in Resources */ = {isa = PBXBuildFile; fileRef = 6AB8B6FB23D582FC00A993C5 /* spctl.command */; };
		6AC3982123EA94820090A56A /* kextInfo.command in Resources */ = {isa = PBXBuildFile; fileRef = 6AC3982023EA94820090A56A /* kextInfo.command */; };
		6AC473B92456EF49001C9F17 /* macserial.command in Resources */ = {isa = PBXBuildFile; fileRef = 6AC473B82456EF49001C9F17 /* macserial.command */; };
		6AC473BB245751E9001C9F17 /* SerialObject.swift in Sources */ = {isa = PBXBuildFile; fileRef = 6AC473BA245751E9001C9F17 /* SerialObject.swift */; };
		6AD2F3B1241BAABE00E0609F /* openFinder.command in Resources */ = {isa = PBXBuildFile; fileRef = 6AD2F3B0241BAABE00E0609F /* openFinder.command */; };
		6ADAEFA423C23DA5008ECF4B /* AppDelegate.swift in Sources */ = {isa = PBXBuildFile; fileRef = 6ADAEFA323C23DA5008ECF4B /* AppDelegate.swift */; };
		6ADAEFA623C23DA5008ECF4B /* BuildObject.swift in Sources */ = {isa = PBXBuildFile; fileRef = 6ADAEFA523C23DA5008ECF4B /* BuildObject.swift */; };
		6ADAEFA823C23DA6008ECF4B /* Assets.xcassets in Resources */ = {isa = PBXBuildFile; fileRef = 6ADAEFA723C23DA6008ECF4B /* Assets.xcassets */; };
		6ADAEFBB23C257E5008ECF4B /* Hackintosh_build.command in Resources */ = {isa = PBXBuildFile; fileRef = 6ADAEFBA23C257E5008ECF4B /* Hackintosh_build.command */; };
		6AE8345023D8B28B005BADCF /* diskMount.command in Resources */ = {isa = PBXBuildFile; fileRef = 6AE8344F23D8B28B005BADCF /* diskMount.command */; };
		6AEBA71B2427C4550062DFD3 /* nvram.command in Resources */ = {isa = PBXBuildFile; fileRef = 6AEBA71A2427C4550062DFD3 /* nvram.command */; };
/* End PBXBuildFile section */

/* Begin PBXContainerItemProxy section */
		11A5716723D6EB4200437951 /* PBXContainerItemProxy */ = {
			isa = PBXContainerItemProxy;
			containerPortal = 11A5716323D6EB4200437951 /* GitHubUpdates.xcodeproj */;
			proxyType = 2;
			remoteGlobalIDString = 05F82B251EF32EA700EC8A93;
			remoteInfo = GitHubUpdates;
		};
		6A7AC9DF242E324B0008A43A /* PBXContainerItemProxy */ = {
			isa = PBXContainerItemProxy;
			containerPortal = 6A7AC9D9242E324B0008A43A /* Highlightr.xcodeproj */;
			proxyType = 2;
			remoteGlobalIDString = 8C2FB1C21F39118F00469D0D;
			remoteInfo = "Highlightr-iOS";
		};
		6A7AC9E1242E324B0008A43A /* PBXContainerItemProxy */ = {
			isa = PBXContainerItemProxy;
			containerPortal = 6A7AC9D9242E324B0008A43A /* Highlightr.xcodeproj */;
			proxyType = 2;
			remoteGlobalIDString = 8CD1AE161F391713000FDA02;
			remoteInfo = "Highlightr-macOS";
		};
/* End PBXContainerItemProxy section */

/* Begin PBXCopyFilesBuildPhase section */
		11A5716B23D6EBAC00437951 /* Embed Frameworks */ = {
			isa = PBXCopyFilesBuildPhase;
			buildActionMask = 2147483647;
			dstPath = "";
			dstSubfolderSpec = 10;
			files = (
				6A7AC9E4242E32570008A43A /* Highlightr.framework in Embed Frameworks */,
				11A5716A23D6EBAC00437951 /* GitHubUpdates.framework in Embed Frameworks */,
			);
			name = "Embed Frameworks";
			runOnlyForDeploymentPostprocessing = 0;
		};
/* End PBXCopyFilesBuildPhase section */

/* Begin PBXFileReference section */
		1123BA4D24B85A4600091680 /* MainMenu.xib */ = {isa = PBXFileReference; lastKnownFileType = file.xib; path = MainMenu.xib; sourceTree = "<group>"; };
		113FD05B24BADF7A00D8F64F /* InBaseObject.swift */ = {isa = PBXFileReference; lastKnownFileType = sourcecode.swift; path = InBaseObject.swift; sourceTree = "<group>"; };
		114FEDB824B9DDA80045777D /* OutBaseObject.swift */ = {isa = PBXFileReference; lastKnownFileType = sourcecode.swift; path = OutBaseObject.swift; sourceTree = "<group>"; };
		1158FAAF23D6E1610095FED5 /* main.swift */ = {isa = PBXFileReference; lastKnownFileType = sourcecode.swift; path = main.swift; sourceTree = "<group>"; };
		116A2DFD243EEB1C00F00674 /* Cocoa.framework */ = {isa = PBXFileReference; lastKnownFileType = wrapper.framework; name = Cocoa.framework; path = System/Library/Frameworks/Cocoa.framework; sourceTree = SDKROOT; };
		116A2E01243EFDAE00F00674 /* gfxutil */ = {isa = PBXFileReference; lastKnownFileType = "compiled.mach-o.executable"; name = gfxutil; path = HackintoshBuild/test/gfxutil; sourceTree = "<group>"; };
		116D2D8A23D6C528001FED06 /* unlockSLE.command */ = {isa = PBXFileReference; fileEncoding = 4; lastKnownFileType = text; path = unlockSLE.command; sourceTree = "<group>"; };
		116D2D8C23D6C540001FED06 /* rebuildCache.command */ = {isa = PBXFileReference; fileEncoding = 4; lastKnownFileType = text; path = rebuildCache.command; sourceTree = "<group>"; };
		117B27AF23E9485C00581352 /* AraHUDView.xib */ = {isa = PBXFileReference; lastKnownFileType = file.xib; path = AraHUDView.xib; sourceTree = "<group>"; };
		117B27B123E94B8E00581352 /* AraHUDViewController.swift */ = {isa = PBXFileReference; lastKnownFileType = sourcecode.swift; path = AraHUDViewController.swift; sourceTree = "<group>"; };
		117B27B323E957C600581352 /* AraHUDView.swift */ = {isa = PBXFileReference; lastKnownFileType = sourcecode.swift; path = AraHUDView.swift; sourceTree = "<group>"; };
		1193974623D1BF380096297C /* OtherObject.swift */ = {isa = PBXFileReference; lastKnownFileType = sourcecode.swift; path = OtherObject.swift; sourceTree = "<group>"; };
		1193974823D1C1390096297C /* MyTool.swift */ = {isa = PBXFileReference; lastKnownFileType = sourcecode.swift; path = MyTool.swift; sourceTree = "<group>"; };
		1193974B23D1C7BA0096297C /* MyLog.swift */ = {isa = PBXFileReference; lastKnownFileType = sourcecode.swift; path = MyLog.swift; sourceTree = "<group>"; };
		11A5716323D6EB4200437951 /* GitHubUpdates.xcodeproj */ = {isa = PBXFileReference; lastKnownFileType = "wrapper.pb-project"; name = GitHubUpdates.xcodeproj; path = SDK/GitHubUpdates/GitHubUpdates.xcodeproj; sourceTree = SOURCE_ROOT; };
		11D5C27923D1B63700461A78 /* MyAsset.swift */ = {isa = PBXFileReference; lastKnownFileType = sourcecode.swift; path = MyAsset.swift; sourceTree = "<group>"; };
		6A046F2D242F4170004FFFD5 /* PCIObject.swift */ = {isa = PBXFileReference; lastKnownFileType = sourcecode.swift; path = PCIObject.swift; sourceTree = "<group>"; };
		6A0DC961241041E3000E9775 /* openEFI.command */ = {isa = PBXFileReference; lastKnownFileType = text.script.sh; path = openEFI.command; sourceTree = "<group>"; };
		6A1181AA24BF04EA0091AF99 /* rebuildCacheBS.command */ = {isa = PBXFileReference; lastKnownFileType = text; path = rebuildCacheBS.command; sourceTree = "<group>"; };
		6A188A3724619E8500CBE5B7 /* OpenCoreObject.swift */ = {isa = PBXFileReference; lastKnownFileType = sourcecode.swift; path = OpenCoreObject.swift; sourceTree = "<group>"; };
		6A188A3D2461C87700CBE5B7 /* syncDatas.command */ = {isa = PBXFileReference; lastKnownFileType = text; path = syncDatas.command; sourceTree = "<group>"; };
		6A188A492464EA9500CBE5B7 /* dspci.command */ = {isa = PBXFileReference; lastKnownFileType = text; path = dspci.command; sourceTree = "<group>"; };
		6A188A4B2464F94700CBE5B7 /* pcipath.command */ = {isa = PBXFileReference; lastKnownFileType = text; path = pcipath.command; sourceTree = "<group>"; };
		6A188AAA24659CC200CBE5B7 /* CompareObject.swift */ = {isa = PBXFileReference; lastKnownFileType = sourcecode.swift; path = CompareObject.swift; sourceTree = "<group>"; };
		6A1E571B23F31AB5004E8430 /* IORegObject.swift */ = {isa = PBXFileReference; lastKnownFileType = sourcecode.swift; path = IORegObject.swift; sourceTree = "<group>"; };
		6A20F6B123F80BA700E69F60 /* OCVersion.command */ = {isa = PBXFileReference; lastKnownFileType = text.script.sh; path = OCVersion.command; sourceTree = "<group>"; };
		6A21D45623EE869B007D7CE9 /* timeMachine.command */ = {isa = PBXFileReference; fileEncoding = 4; lastKnownFileType = text; path = timeMachine.command; sourceTree = "<group>"; };
		6A2468002441B4F1001B7D29 /* tools */ = {isa = PBXFileReference; lastKnownFileType = folder; path = tools; sourceTree = "<group>"; };
		6A2468022441B647001B7D29 /* plists */ = {isa = PBXFileReference; lastKnownFileType = folder; path = plists; sourceTree = "<group>"; };
		6A2D271023DF324100238E46 /* NvramObject.swift */ = {isa = PBXFileReference; lastKnownFileType = sourcecode.swift; path = NvramObject.swift; sourceTree = "<group>"; };
		6A36D49723F85BD500CD042B /* CloverVersion.command */ = {isa = PBXFileReference; lastKnownFileType = text.script.sh; path = CloverVersion.command; sourceTree = "<group>"; };
		6A3BBF1224D4772700C22732 /* kextsInstaller.command */ = {isa = PBXFileReference; lastKnownFileType = text; path = kextsInstaller.command; sourceTree = "<group>"; };
		6A427D1223E459BC00A0B4E3 /* LockPicObject.swift */ = {isa = PBXFileReference; lastKnownFileType = sourcecode.swift; path = LockPicObject.swift; sourceTree = "<group>"; };
		6A427D1523E4618F00A0B4E3 /* changeLockPicture.command */ = {isa = PBXFileReference; lastKnownFileType = text; path = changeLockPicture.command; sourceTree = "<group>"; };
		6A48CC4C244CC1EC00AFC97A /* makeInstaller.command */ = {isa = PBXFileReference; fileEncoding = 4; lastKnownFileType = text.script.sh; path = makeInstaller.command; sourceTree = "<group>"; };
		6A48CC4D244CC1EC00AFC97A /* downloadCatalogs.command */ = {isa = PBXFileReference; fileEncoding = 4; lastKnownFileType = text.script.sh; path = downloadCatalogs.command; sourceTree = "<group>"; };
		6A48CC4E244CC1EC00AFC97A /* downloadInstaller.command */ = {isa = PBXFileReference; fileEncoding = 4; lastKnownFileType = text.script.sh; path = downloadInstaller.command; sourceTree = "<group>"; };
		6A48CC4F244CC1ED00AFC97A /* versionInfo.command */ = {isa = PBXFileReference; fileEncoding = 4; lastKnownFileType = text.script.sh; path = versionInfo.command; sourceTree = "<group>"; };
		6A4A9FA223E59F86008D8EF8 /* sipStatus.command */ = {isa = PBXFileReference; lastKnownFileType = text; path = sipStatus.command; sourceTree = "<group>"; };
		6A54B4742408159A000BCFE7 /* showhiddenFiles.command */ = {isa = PBXFileReference; lastKnownFileType = text.script.sh; path = showhiddenFiles.command; sourceTree = "<group>"; };
		6A5F0DEF24311AAE002C6865 /* paths.command */ = {isa = PBXFileReference; lastKnownFileType = text.script.sh; path = paths.command; sourceTree = "<group>"; };
		6A5F0DF124311B61002C6865 /* ports.command */ = {isa = PBXFileReference; lastKnownFileType = text; path = ports.command; sourceTree = "<group>"; };
		6A6B939C2469ADE800562B96 /* mergely */ = {isa = PBXFileReference; lastKnownFileType = folder; path = mergely; sourceTree = "<group>"; };
		6A723DE7240BEE30007EB3AD /* systeminfo.command */ = {isa = PBXFileReference; lastKnownFileType = text.script.sh; path = systeminfo.command; sourceTree = "<group>"; };
		6A723E12240C1D94007EB3AD /* en */ = {isa = PBXFileReference; lastKnownFileType = text.plist.strings; name = en; path = en.lproj/Localizable.strings; sourceTree = "<group>"; };
		6A723E16240C1DD0007EB3AD /* zh-Hans */ = {isa = PBXFileReference; lastKnownFileType = text.plist.strings; name = "zh-Hans"; path = "zh-Hans.lproj/Localizable.strings"; sourceTree = "<group>"; };
		6A723E17240E71DE007EB3AD /* diskUnmount.command */ = {isa = PBXFileReference; lastKnownFileType = text; path = diskUnmount.command; sourceTree = "<group>"; };
		6A7A718B23D82DAE0082FA94 /* DiskObject.swift */ = {isa = PBXFileReference; lastKnownFileType = sourcecode.swift; path = DiskObject.swift; sourceTree = "<group>"; };
		6A7A718F23D845DB0082FA94 /* diskInfo.command */ = {isa = PBXFileReference; fileEncoding = 4; lastKnownFileType = text.script.sh; path = diskInfo.command; sourceTree = "<group>"; };
		6A7AC9D9242E324B0008A43A /* Highlightr.xcodeproj */ = {isa = PBXFileReference; lastKnownFileType = "wrapper.pb-project"; name = Highlightr.xcodeproj; path = SDK/Highlightr/Highlightr.xcodeproj; sourceTree = SOURCE_ROOT; };
		6A817EAF240ABE74003224DE /* InfoObject.swift */ = {isa = PBXFileReference; lastKnownFileType = sourcecode.swift; path = InfoObject.swift; sourceTree = "<group>"; };
		6A817EB1240ABEA6003224DE /* ConfigObject.swift */ = {isa = PBXFileReference; lastKnownFileType = sourcecode.swift; path = ConfigObject.swift; sourceTree = "<group>"; };
		6A817EB3240ABEDA003224DE /* AppleIntelInfoObject.swift */ = {isa = PBXFileReference; lastKnownFileType = sourcecode.swift; path = AppleIntelInfoObject.swift; sourceTree = "<group>"; };
		6A817EB5240ABEF4003224DE /* KextsObject.swift */ = {isa = PBXFileReference; lastKnownFileType = sourcecode.swift; path = KextsObject.swift; sourceTree = "<group>"; };
		6A83161624D10C0A001FD148 /* InstallKextsObject.swift */ = {isa = PBXFileReference; lastKnownFileType = sourcecode.swift; path = InstallKextsObject.swift; sourceTree = "<group>"; };
		6A83161B24D1EBE3001FD148 /* NSDraggingInfo+FilePathURL.swift */ = {isa = PBXFileReference; fileEncoding = 4; lastKnownFileType = sourcecode.swift; path = "NSDraggingInfo+FilePathURL.swift"; sourceTree = "<group>"; };
		6A83161C24D1EBE3001FD148 /* DragDropView.swift */ = {isa = PBXFileReference; fileEncoding = 4; lastKnownFileType = sourcecode.swift; path = DragDropView.swift; sourceTree = "<group>"; };
		6A87220323F5B4C100D77EEF /* WebKit.framework */ = {isa = PBXFileReference; lastKnownFileType = wrapper.framework; name = WebKit.framework; path = System/Library/Frameworks/WebKit.framework; sourceTree = SDKROOT; };
		6A8E38D024362F4D00A09CE7 /* OSObject.swift */ = {isa = PBXFileReference; lastKnownFileType = sourcecode.swift; path = OSObject.swift; sourceTree = "<group>"; };
		6A8E53D023F40289001E59D3 /* AppleIntelInfo.command */ = {isa = PBXFileReference; lastKnownFileType = text; path = AppleIntelInfo.command; sourceTree = "<group>"; };
		6A94A5E1244CDE7C0084A93D /* exit.command */ = {isa = PBXFileReference; lastKnownFileType = text; path = exit.command; sourceTree = "<group>"; };
		6AA130DB24744E6F00ECD331 /* README.md */ = {isa = PBXFileReference; fileEncoding = 4; lastKnownFileType = net.daringfireball.markdown; path = README.md; sourceTree = "<group>"; };
		6AA6EE0623E5859900BF15FD /* resetLockPicture.command */ = {isa = PBXFileReference; lastKnownFileType = text; path = resetLockPicture.command; sourceTree = "<group>"; };
		6AAA503924BC47FB00D8E7FC /* Snapshot.command */ = {isa = PBXFileReference; fileEncoding = 4; lastKnownFileType = text.script.sh; path = Snapshot.command; sourceTree = "<group>"; };
		6AAB654024154A0200116D13 /* kextLastest.command */ = {isa = PBXFileReference; lastKnownFileType = text.script.sh; path = kextLastest.command; sourceTree = "<group>"; };
		6AAB65582416C0F500116D13 /* download.command */ = {isa = PBXFileReference; lastKnownFileType = text.script.sh; path = download.command; sourceTree = "<group>"; };
		6AAB82C923D205E300ACFB81 /* ShareObject.swift */ = {isa = PBXFileReference; lastKnownFileType = sourcecode.swift; path = ShareObject.swift; sourceTree = "<group>"; };
		6AAB82CF23D22C0E00ACFB81 /* getEFI.command */ = {isa = PBXFileReference; lastKnownFileType = text; path = getEFI.command; sourceTree = "<group>"; };
		6AAFC68F2414CD550059A609 /* kextscurrentVersion.command */ = {isa = PBXFileReference; lastKnownFileType = text.script.sh; path = kextscurrentVersion.command; sourceTree = "<group>"; };
		6AB7A19D2434AD2800BA8690 /* printPlist.command */ = {isa = PBXFileReference; lastKnownFileType = text; path = printPlist.command; sourceTree = "<group>"; };
		6AB8B6FB23D582FC00A993C5 /* spctl.command */ = {isa = PBXFileReference; lastKnownFileType = text; path = spctl.command; sourceTree = "<group>"; };
		6AC3982023EA94820090A56A /* kextInfo.command */ = {isa = PBXFileReference; lastKnownFileType = text.script.sh; path = kextInfo.command; sourceTree = "<group>"; };
		6AC473B82456EF49001C9F17 /* macserial.command */ = {isa = PBXFileReference; lastKnownFileType = text.script.sh; path = macserial.command; sourceTree = "<group>"; };
		6AC473BA245751E9001C9F17 /* SerialObject.swift */ = {isa = PBXFileReference; lastKnownFileType = sourcecode.swift; path = SerialObject.swift; sourceTree = "<group>"; };
		6AD2F3B0241BAABE00E0609F /* openFinder.command */ = {isa = PBXFileReference; lastKnownFileType = text.script.sh; path = openFinder.command; sourceTree = "<group>"; };
		6ADAEFA023C23DA5008ECF4B /* HackintoshBuild.app */ = {isa = PBXFileReference; explicitFileType = wrapper.application; includeInIndex = 0; path = HackintoshBuild.app; sourceTree = BUILT_PRODUCTS_DIR; };
		6ADAEFA323C23DA5008ECF4B /* AppDelegate.swift */ = {isa = PBXFileReference; lastKnownFileType = sourcecode.swift; path = AppDelegate.swift; sourceTree = "<group>"; };
		6ADAEFA523C23DA5008ECF4B /* BuildObject.swift */ = {isa = PBXFileReference; lastKnownFileType = sourcecode.swift; path = BuildObject.swift; sourceTree = "<group>"; };
		6ADAEFA723C23DA6008ECF4B /* Assets.xcassets */ = {isa = PBXFileReference; lastKnownFileType = folder.assetcatalog; path = Assets.xcassets; sourceTree = "<group>"; };
		6ADAEFAC23C23DA6008ECF4B /* Info.plist */ = {isa = PBXFileReference; lastKnownFileType = text.plist.xml; path = Info.plist; sourceTree = "<group>"; };
		6ADAEFAD23C23DA6008ECF4B /* HackintoshBuild.entitlements */ = {isa = PBXFileReference; lastKnownFileType = text.plist.entitlements; path = HackintoshBuild.entitlements; sourceTree = "<group>"; };
		6ADAEFBA23C257E5008ECF4B /* Hackintosh_build.command */ = {isa = PBXFileReference; fileEncoding = 4; lastKnownFileType = text.script.sh; path = Hackintosh_build.command; sourceTree = "<group>"; };
		6AE76A6D23F9B4F900B931F1 /* alipay.jpg */ = {isa = PBXFileReference; lastKnownFileType = image.jpeg; path = alipay.jpg; sourceTree = "<group>"; };
		6AE76A6E23F9B4F900B931F1 /* wechatpay.jpg */ = {isa = PBXFileReference; lastKnownFileType = image.jpeg; path = wechatpay.jpg; sourceTree = "<group>"; };
		6AE8344F23D8B28B005BADCF /* diskMount.command */ = {isa = PBXFileReference; lastKnownFileType = text; path = diskMount.command; sourceTree = "<group>"; };
		6AEBA71A2427C4550062DFD3 /* nvram.command */ = {isa = PBXFileReference; lastKnownFileType = text; path = nvram.command; sourceTree = "<group>"; };
/* End PBXFileReference section */

/* Begin PBXFrameworksBuildPhase section */
		6ADAEF9D23C23DA5008ECF4B /* Frameworks */ = {
			isa = PBXFrameworksBuildPhase;
			buildActionMask = 2147483647;
			files = (
				6A7AC9E3242E32570008A43A /* Highlightr.framework in Frameworks */,
				6A87220523F5B4C100D77EEF /* WebKit.framework in Frameworks */,
				11A5716923D6EBAC00437951 /* GitHubUpdates.framework in Frameworks */,
				6A188A4124624D3900CBE5B7 /* SwiftyMarkdown in Frameworks */,
			);
			runOnlyForDeploymentPostprocessing = 0;
		};
/* End PBXFrameworksBuildPhase section */

/* Begin PBXGroup section */
		113FD05A24BAD92300D8F64F /* Main */ = {
			isa = PBXGroup;
			children = (
				6ADAEFA523C23DA5008ECF4B /* BuildObject.swift */,
				6AAB82C923D205E300ACFB81 /* ShareObject.swift */,
				6A7A718B23D82DAE0082FA94 /* DiskObject.swift */,
				6A2D271023DF324100238E46 /* NvramObject.swift */,
				6A427D1223E459BC00A0B4E3 /* LockPicObject.swift */,
				6A1E571B23F31AB5004E8430 /* IORegObject.swift */,
				6A8E38D024362F4D00A09CE7 /* OSObject.swift */,
				6A188AAA24659CC200CBE5B7 /* CompareObject.swift */,
				1193974623D1BF380096297C /* OtherObject.swift */,
				6A83161624D10C0A001FD148 /* InstallKextsObject.swift */,
			);
			path = Main;
			sourceTree = "<group>";
		};
		117B27AB23E947CF00581352 /* AraHUD */ = {
			isa = PBXGroup;
			children = (
				117B27B123E94B8E00581352 /* AraHUDViewController.swift */,
				117B27B323E957C600581352 /* AraHUDView.swift */,
				117B27AF23E9485C00581352 /* AraHUDView.xib */,
			);
			path = AraHUD;
			sourceTree = "<group>";
		};
		1193974A23D1C7690096297C /* Global */ = {
			isa = PBXGroup;
			children = (
				117B27AB23E947CF00581352 /* AraHUD */,
				6A83161C24D1EBE3001FD148 /* DragDropView.swift */,
				6A83161B24D1EBE3001FD148 /* NSDraggingInfo+FilePathURL.swift */,
				1193974823D1C1390096297C /* MyTool.swift */,
				11D5C27923D1B63700461A78 /* MyAsset.swift */,
				1193974B23D1C7BA0096297C /* MyLog.swift */,
				114FEDB824B9DDA80045777D /* OutBaseObject.swift */,
				113FD05B24BADF7A00D8F64F /* InBaseObject.swift */,
			);
			path = Global;
			sourceTree = "<group>";
		};
		11A5716423D6EB4200437951 /* Products */ = {
			isa = PBXGroup;
			children = (
				11A5716823D6EB4200437951 /* GitHubUpdates.framework */,
			);
			name = Products;
			sourceTree = "<group>";
		};
		11D5C27B23D1B63A00461A78 /* Supporting Files */ = {
			isa = PBXGroup;
			children = (
				1158FAAF23D6E1610095FED5 /* main.swift */,
				6ADAEFA323C23DA5008ECF4B /* AppDelegate.swift */,
				1123BA4D24B85A4600091680 /* MainMenu.xib */,
				6ADAEFA723C23DA6008ECF4B /* Assets.xcassets */,
				6ADAEFAC23C23DA6008ECF4B /* Info.plist */,
				6ADAEFAD23C23DA6008ECF4B /* HackintoshBuild.entitlements */,
			);
			name = "Supporting Files";
			sourceTree = "<group>";
		};
		6A046F28242F408F004FFFD5 /* PCI */ = {
			isa = PBXGroup;
			children = (
				6A188A492464EA9500CBE5B7 /* dspci.command */,
				6A188A4B2464F94700CBE5B7 /* pcipath.command */,
			);
			path = PCI;
			sourceTree = "<group>";
		};
		6A188A3C2461C60E00CBE5B7 /* OpenCore */ = {
			isa = PBXGroup;
			children = (
				6A188A3D2461C87700CBE5B7 /* syncDatas.command */,
			);
			path = OpenCore;
			sourceTree = "<group>";
		};
		6A1A664323D1E824009E24EC /* Command */ = {
			isa = PBXGroup;
			children = (
				6A188A3C2461C60E00CBE5B7 /* OpenCore */,
				6A48CC46244CC0B600AFC97A /* downloados */,
				6A5F0DEE24311A98002C6865 /* GPU */,
				6A046F28242F408F004FFFD5 /* PCI */,
				6A3FDF0D242720160078BE86 /* About */,
				6A3FDF0B24271FB00078BE86 /* Kext */,
				6A3FDF0824271F450078BE86 /* Disk */,
				6A3FDF0624271F1E0078BE86 /* Other */,
				6A3FDF0924271F5F0078BE86 /* nvram */,
				6A3FDF0A24271F870078BE86 /* Lock */,
				6A3FDF0C242720010078BE86 /* Version */,
				6ADAEFBA23C257E5008ECF4B /* Hackintosh_build.command */,
				6AAB82CF23D22C0E00ACFB81 /* getEFI.command */,
				6A4A9FA223E59F86008D8EF8 /* sipStatus.command */,
				6AAA503924BC47FB00D8E7FC /* Snapshot.command */,
			);
			path = Command;
			sourceTree = "<group>";
		};
		6A3FDF0624271F1E0078BE86 /* Other */ = {
			isa = PBXGroup;
			children = (
				116D2D8C23D6C540001FED06 /* rebuildCache.command */,
				116D2D8A23D6C528001FED06 /* unlockSLE.command */,
				6AB8B6FB23D582FC00A993C5 /* spctl.command */,
				6A21D45623EE869B007D7CE9 /* timeMachine.command */,
				6A54B4742408159A000BCFE7 /* showhiddenFiles.command */,
				6A1181AA24BF04EA0091AF99 /* rebuildCacheBS.command */,
			);
			path = Other;
			sourceTree = "<group>";
		};
		6A3FDF0824271F450078BE86 /* Disk */ = {
			isa = PBXGroup;
			children = (
				6A7A718F23D845DB0082FA94 /* diskInfo.command */,
				6AE8344F23D8B28B005BADCF /* diskMount.command */,
				6A723E17240E71DE007EB3AD /* diskUnmount.command */,
				6A0DC961241041E3000E9775 /* openEFI.command */,
			);
			path = Disk;
			sourceTree = "<group>";
		};
		6A3FDF0924271F5F0078BE86 /* nvram */ = {
			isa = PBXGroup;
			children = (
				6AEBA71A2427C4550062DFD3 /* nvram.command */,
			);
			path = nvram;
			sourceTree = "<group>";
		};
		6A3FDF0A24271F870078BE86 /* Lock */ = {
			isa = PBXGroup;
			children = (
				6A427D1523E4618F00A0B4E3 /* changeLockPicture.command */,
				6AA6EE0623E5859900BF15FD /* resetLockPicture.command */,
			);
			path = Lock;
			sourceTree = "<group>";
		};
		6A3FDF0B24271FB00078BE86 /* Kext */ = {
			isa = PBXGroup;
			children = (
				6AC3982023EA94820090A56A /* kextInfo.command */,
				6A3BBF1224D4772700C22732 /* kextsInstaller.command */,
			);
			path = Kext;
			sourceTree = "<group>";
		};
		6A3FDF0C242720010078BE86 /* Version */ = {
			isa = PBXGroup;
			children = (
				6A20F6B123F80BA700E69F60 /* OCVersion.command */,
				6A36D49723F85BD500CD042B /* CloverVersion.command */,
			);
			path = Version;
			sourceTree = "<group>";
		};
		6A3FDF0D242720160078BE86 /* About */ = {
			isa = PBXGroup;
			children = (
				6AC473B82456EF49001C9F17 /* macserial.command */,
				6A8E53D023F40289001E59D3 /* AppleIntelInfo.command */,
				6A723DE7240BEE30007EB3AD /* systeminfo.command */,
				6AD2F3B0241BAABE00E0609F /* openFinder.command */,
				6AAB654024154A0200116D13 /* kextLastest.command */,
				6AAFC68F2414CD550059A609 /* kextscurrentVersion.command */,
				6AAB65582416C0F500116D13 /* download.command */,
			);
			path = About;
			sourceTree = "<group>";
		};
		6A48CC46244CC0B600AFC97A /* downloados */ = {
			isa = PBXGroup;
			children = (
				6A48CC4D244CC1EC00AFC97A /* downloadCatalogs.command */,
				6A48CC4E244CC1EC00AFC97A /* downloadInstaller.command */,
				6A48CC4C244CC1EC00AFC97A /* makeInstaller.command */,
				6A48CC4F244CC1ED00AFC97A /* versionInfo.command */,
				6A94A5E1244CDE7C0084A93D /* exit.command */,
			);
			path = downloados;
			sourceTree = "<group>";
		};
		6A5F0DEE24311A98002C6865 /* GPU */ = {
			isa = PBXGroup;
			children = (
				6A5F0DEF24311AAE002C6865 /* paths.command */,
				6A5F0DF124311B61002C6865 /* ports.command */,
				6AB7A19D2434AD2800BA8690 /* printPlist.command */,
			);
			path = GPU;
			sourceTree = "<group>";
		};
		6A7AC9DA242E324B0008A43A /* Products */ = {
			isa = PBXGroup;
			children = (
				6A7AC9E0242E324B0008A43A /* Highlightr.framework */,
				6A7AC9E2242E324B0008A43A /* Highlightr.framework */,
			);
			name = Products;
			sourceTree = "<group>";
		};
		6A817EB7240ABF17003224DE /* TabViewObject */ = {
			isa = PBXGroup;
			children = (
				6A817EAF240ABE74003224DE /* InfoObject.swift */,
				6A817EB1240ABEA6003224DE /* ConfigObject.swift */,
				6A817EB3240ABEDA003224DE /* AppleIntelInfoObject.swift */,
				6A817EB5240ABEF4003224DE /* KextsObject.swift */,
				6A046F2D242F4170004FFFD5 /* PCIObject.swift */,
				6AC473BA245751E9001C9F17 /* SerialObject.swift */,
				6A188A3724619E8500CBE5B7 /* OpenCoreObject.swift */,
			);
			path = TabViewObject;
			sourceTree = "<group>";
		};
		6ADAEF9723C23DA5008ECF4B = {
			isa = PBXGroup;
			children = (
				6AA130DB24744E6F00ECD331 /* README.md */,
				6ADAEFA223C23DA5008ECF4B /* HackintoshBuild */,
				6ADAEFA123C23DA5008ECF4B /* Products */,
				6AECB88A23D4B7260069B099 /* Frameworks */,
			);
			sourceTree = "<group>";
		};
		6ADAEFA123C23DA5008ECF4B /* Products */ = {
			isa = PBXGroup;
			children = (
				6ADAEFA023C23DA5008ECF4B /* HackintoshBuild.app */,
			);
			name = Products;
			sourceTree = "<group>";
		};
		6ADAEFA223C23DA5008ECF4B /* HackintoshBuild */ = {
			isa = PBXGroup;
			children = (
				6A6B939C2469ADE800562B96 /* mergely */,
				6A2468022441B647001B7D29 /* plists */,
				6A2468002441B4F1001B7D29 /* tools */,
				6A7AC9D9242E324B0008A43A /* Highlightr.xcodeproj */,
				11A5716323D6EB4200437951 /* GitHubUpdates.xcodeproj */,
				6A1A664323D1E824009E24EC /* Command */,
				1193974A23D1C7690096297C /* Global */,
				6AE76A6C23F9B4F900B931F1 /* Pay */,
				113FD05A24BAD92300D8F64F /* Main */,
				6A817EB7240ABF17003224DE /* TabViewObject */,
				11D5C27B23D1B63A00461A78 /* Supporting Files */,
				6A723E13240C1D94007EB3AD /* Localizable.strings */,
			);
			path = HackintoshBuild;
			sourceTree = "<group>";
		};
		6AE76A6C23F9B4F900B931F1 /* Pay */ = {
			isa = PBXGroup;
			children = (
				6AE76A6D23F9B4F900B931F1 /* alipay.jpg */,
				6AE76A6E23F9B4F900B931F1 /* wechatpay.jpg */,
			);
			path = Pay;
			sourceTree = "<group>";
		};
		6AECB88A23D4B7260069B099 /* Frameworks */ = {
			isa = PBXGroup;
			children = (
				116A2E01243EFDAE00F00674 /* gfxutil */,
				116A2DFD243EEB1C00F00674 /* Cocoa.framework */,
				6A87220323F5B4C100D77EEF /* WebKit.framework */,
			);
			name = Frameworks;
			sourceTree = "<group>";
		};
/* End PBXGroup section */

/* Begin PBXNativeTarget section */
		6ADAEF9F23C23DA5008ECF4B /* HackintoshBuild */ = {
			isa = PBXNativeTarget;
			buildConfigurationList = 6ADAEFB023C23DA6008ECF4B /* Build configuration list for PBXNativeTarget "HackintoshBuild" */;
			buildPhases = (
				6ADAEF9C23C23DA5008ECF4B /* Sources */,
				6ADAEF9D23C23DA5008ECF4B /* Frameworks */,
				6ADAEF9E23C23DA5008ECF4B /* Resources */,
				11A5716B23D6EBAC00437951 /* Embed Frameworks */,
			);
			buildRules = (
			);
			dependencies = (
			);
			name = HackintoshBuild;
			packageProductDependencies = (
				6A188A4024624D3900CBE5B7 /* SwiftyMarkdown */,
			);
			productName = HackintoshBuild;
			productReference = 6ADAEFA023C23DA5008ECF4B /* HackintoshBuild.app */;
			productType = "com.apple.product-type.application";
		};
/* End PBXNativeTarget section */

/* Begin PBXProject section */
		6ADAEF9823C23DA5008ECF4B /* Project object */ = {
			isa = PBXProject;
			attributes = {
				LastSwiftUpdateCheck = 1130;
				LastUpgradeCheck = 1130;
				ORGANIZATIONNAME = bugprogrammer;
				TargetAttributes = {
					6ADAEF9F23C23DA5008ECF4B = {
						CreatedOnToolsVersion = 11.3;
					};
				};
			};
			buildConfigurationList = 6ADAEF9B23C23DA5008ECF4B /* Build configuration list for PBXProject "HackintoshBuild" */;
			compatibilityVersion = "Xcode 10.0";
			developmentRegion = en;
			hasScannedForEncodings = 0;
			knownRegions = (
				en,
				Base,
				"zh-Hans",
			);
			mainGroup = 6ADAEF9723C23DA5008ECF4B;
			packageReferences = (
				6A188A3F24624D3900CBE5B7 /* XCRemoteSwiftPackageReference "SwiftyMarkdown" */,
			);
			productRefGroup = 6ADAEFA123C23DA5008ECF4B /* Products */;
			projectDirPath = "";
			projectReferences = (
				{
					ProductGroup = 11A5716423D6EB4200437951 /* Products */;
					ProjectRef = 11A5716323D6EB4200437951 /* GitHubUpdates.xcodeproj */;
				},
				{
					ProductGroup = 6A7AC9DA242E324B0008A43A /* Products */;
					ProjectRef = 6A7AC9D9242E324B0008A43A /* Highlightr.xcodeproj */;
				},
			);
			projectRoot = "";
			targets = (
				6ADAEF9F23C23DA5008ECF4B /* HackintoshBuild */,
			);
		};
/* End PBXProject section */

/* Begin PBXReferenceProxy section */
		11A5716823D6EB4200437951 /* GitHubUpdates.framework */ = {
			isa = PBXReferenceProxy;
			fileType = wrapper.framework;
			path = GitHubUpdates.framework;
			remoteRef = 11A5716723D6EB4200437951 /* PBXContainerItemProxy */;
			sourceTree = BUILT_PRODUCTS_DIR;
		};
		6A7AC9E0242E324B0008A43A /* Highlightr.framework */ = {
			isa = PBXReferenceProxy;
			fileType = wrapper.framework;
			path = Highlightr.framework;
			remoteRef = 6A7AC9DF242E324B0008A43A /* PBXContainerItemProxy */;
			sourceTree = BUILT_PRODUCTS_DIR;
		};
		6A7AC9E2242E324B0008A43A /* Highlightr.framework */ = {
			isa = PBXReferenceProxy;
			fileType = wrapper.framework;
			path = Highlightr.framework;
			remoteRef = 6A7AC9E1242E324B0008A43A /* PBXContainerItemProxy */;
			sourceTree = BUILT_PRODUCTS_DIR;
		};
/* End PBXReferenceProxy section */

/* Begin PBXResourcesBuildPhase section */
		6ADAEF9E23C23DA5008ECF4B /* Resources */ = {
			isa = PBXResourcesBuildPhase;
			buildActionMask = 2147483647;
			files = (
				6A4B7E8B23F9B63300A6EFFF /* alipay.jpg in Resources */,
				1123BA4E24B85A4600091680 /* MainMenu.xib in Resources */,
				6A5F0DF224311B61002C6865 /* ports.command in Resources */,
				6A4B7E8C23F9B63300A6EFFF /* wechatpay.jpg in Resources */,
				6A6B939D2469ADE800562B96 /* mergely in Resources */,
				6AD2F3B1241BAABE00E0609F /* openFinder.command in Resources */,
				6AA6EE0723E5859900BF15FD /* resetLockPicture.command in Resources */,
				6A3BBF1324D4772700C22732 /* kextsInstaller.command in Resources */,
				6A36D49823F85BD500CD042B /* CloverVersion.command in Resources */,
				6A723E18240E71DE007EB3AD /* diskUnmount.command in Resources */,
				6AA130DF24744E6F00ECD331 /* README.md in Resources */,
				6AC473B92456EF49001C9F17 /* macserial.command in Resources */,
				6A723DE8240BEE30007EB3AD /* systeminfo.command in Resources */,
				6A188A4C2464F94700CBE5B7 /* pcipath.command in Resources */,
				6AAFC6902414CD550059A609 /* kextscurrentVersion.command in Resources */,
				6ADAEFA823C23DA6008ECF4B /* Assets.xcassets in Resources */,
				6AE8345023D8B28B005BADCF /* diskMount.command in Resources */,
				6AC3982123EA94820090A56A /* kextInfo.command in Resources */,
				6ADAEFBB23C257E5008ECF4B /* Hackintosh_build.command in Resources */,
				6A427D1623E4618F00A0B4E3 /* changeLockPicture.command in Resources */,
				116D2D8D23D6C540001FED06 /* rebuildCache.command in Resources */,
				6AAA503D24BC47FB00D8E7FC /* Snapshot.command in Resources */,
				6A7A719123D845DB0082FA94 /* diskInfo.command in Resources */,
				6A2468012441B4F1001B7D29 /* tools in Resources */,
				6AB7A19E2434AD2800BA8690 /* printPlist.command in Resources */,
				6A48CC52244CC1ED00AFC97A /* downloadInstaller.command in Resources */,
				6A48CC51244CC1ED00AFC97A /* downloadCatalogs.command in Resources */,
				6AAB82D023D22C0E00ACFB81 /* getEFI.command in Resources */,
				6A48CC53244CC1ED00AFC97A /* versionInfo.command in Resources */,
				6A0DC962241041E3000E9775 /* openEFI.command in Resources */,
				6AEBA71B2427C4550062DFD3 /* nvram.command in Resources */,
				6A188A4A2464EA9500CBE5B7 /* dspci.command in Resources */,
				6A21D45923EE869B007D7CE9 /* timeMachine.command in Resources */,
				6A48CC50244CC1ED00AFC97A /* makeInstaller.command in Resources */,
				6A4A9FA323E59F86008D8EF8 /* sipStatus.command in Resources */,
				116D2D8B23D6C528001FED06 /* unlockSLE.command in Resources */,
				6A1181AB24BF04EA0091AF99 /* rebuildCacheBS.command in Resources */,
				6A2468032441B647001B7D29 /* plists in Resources */,
				6A188A3E2461C87700CBE5B7 /* syncDatas.command in Resources */,
				6A8E53D123F40289001E59D3 /* AppleIntelInfo.command in Resources */,
				6A723E11240C1D94007EB3AD /* Localizable.strings in Resources */,
				6A54B4752408159A000BCFE7 /* showhiddenFiles.command in Resources */,
				117B27B023E9485C00581352 /* AraHUDView.xib in Resources */,
				6A5F0DF024311AAE002C6865 /* paths.command in Resources */,
				6AAB65592416C0F500116D13 /* download.command in Resources */,
				6AB8B6FC23D582FC00A993C5 /* spctl.command in Resources */,
				6A94A5E2244CDE7C0084A93D /* exit.command in Resources */,
				6AAB654124154A0200116D13 /* kextLastest.command in Resources */,
				6A20F6B223F80BA700E69F60 /* OCVersion.command in Resources */,
			);
			runOnlyForDeploymentPostprocessing = 0;
		};
/* End PBXResourcesBuildPhase section */

/* Begin PBXSourcesBuildPhase section */
		6ADAEF9C23C23DA5008ECF4B /* Sources */ = {
			isa = PBXSourcesBuildPhase;
			buildActionMask = 2147483647;
			files = (
				6A188AAB24659CC200CBE5B7 /* CompareObject.swift in Sources */,
				6ADAEFA423C23DA5008ECF4B /* AppDelegate.swift in Sources */,
				6A83161724D10C0A001FD148 /* InstallKextsObject.swift in Sources */,
				6A188A3824619E8500CBE5B7 /* OpenCoreObject.swift in Sources */,
				117B27B423E957C600581352 /* AraHUDView.swift in Sources */,
				6A8E38D124362F4D00A09CE7 /* OSObject.swift in Sources */,
				1193974C23D1C7BA0096297C /* MyLog.swift in Sources */,
				1158FAB023D6E1610095FED5 /* main.swift in Sources */,
				6AC473BB245751E9001C9F17 /* SerialObject.swift in Sources */,
				6A427D1323E459BD00A0B4E3 /* LockPicObject.swift in Sources */,
				6ADAEFA623C23DA5008ECF4B /* BuildObject.swift in Sources */,
				11D5C27A23D1B63700461A78 /* MyAsset.swift in Sources */,
				6A046F2E242F4170004FFFD5 /* PCIObject.swift in Sources */,
				6A2D271123DF324100238E46 /* NvramObject.swift in Sources */,
				6A817EB0240ABE74003224DE /* InfoObject.swift in Sources */,
				6A1E571C23F31AB5004E8430 /* IORegObject.swift in Sources */,
				1193974723D1BF380096297C /* OtherObject.swift in Sources */,
				6AAB82CA23D205E300ACFB81 /* ShareObject.swift in Sources */,
				6A817EB4240ABEDA003224DE /* AppleIntelInfoObject.swift in Sources */,
				6A83161E24D1EBE3001FD148 /* DragDropView.swift in Sources */,
				6A817EB2240ABEA6003224DE /* ConfigObject.swift in Sources */,
				117B27B223E94B8E00581352 /* AraHUDViewController.swift in Sources */,
				113FD05C24BADF7A00D8F64F /* InBaseObject.swift in Sources */,
				6A817EB6240ABEF4003224DE /* KextsObject.swift in Sources */,
				114FEDB924B9DDA80045777D /* OutBaseObject.swift in Sources */,
				1193974923D1C1390096297C /* MyTool.swift in Sources */,
				6A7A718C23D82DAE0082FA94 /* DiskObject.swift in Sources */,
				6A83161D24D1EBE3001FD148 /* NSDraggingInfo+FilePathURL.swift in Sources */,
			);
			runOnlyForDeploymentPostprocessing = 0;
		};
/* End PBXSourcesBuildPhase section */

/* Begin PBXVariantGroup section */
		6A723E13240C1D94007EB3AD /* Localizable.strings */ = {
			isa = PBXVariantGroup;
			children = (
				6A723E12240C1D94007EB3AD /* en */,
				6A723E16240C1DD0007EB3AD /* zh-Hans */,
			);
			name = Localizable.strings;
			sourceTree = "<group>";
		};
/* End PBXVariantGroup section */

/* Begin XCBuildConfiguration section */
		6ADAEFAE23C23DA6008ECF4B /* Debug */ = {
			isa = XCBuildConfiguration;
			buildSettings = {
				ALWAYS_SEARCH_USER_PATHS = NO;
				CLANG_ANALYZER_LOCALIZABILITY_NONLOCALIZED = YES;
				CLANG_ANALYZER_NONNULL = YES;
				CLANG_ANALYZER_NUMBER_OBJECT_CONVERSION = YES_AGGRESSIVE;
				CLANG_CXX_LANGUAGE_STANDARD = "gnu++14";
				CLANG_CXX_LIBRARY = "libc++";
				CLANG_ENABLE_MODULES = YES;
				CLANG_ENABLE_OBJC_ARC = YES;
				CLANG_ENABLE_OBJC_WEAK = YES;
				CLANG_WARN_BLOCK_CAPTURE_AUTORELEASING = YES;
				CLANG_WARN_BOOL_CONVERSION = YES;
				CLANG_WARN_COMMA = YES;
				CLANG_WARN_CONSTANT_CONVERSION = YES;
				CLANG_WARN_DEPRECATED_OBJC_IMPLEMENTATIONS = YES;
				CLANG_WARN_DIRECT_OBJC_ISA_USAGE = YES_ERROR;
				CLANG_WARN_DOCUMENTATION_COMMENTS = YES;
				CLANG_WARN_EMPTY_BODY = YES;
				CLANG_WARN_ENUM_CONVERSION = YES;
				CLANG_WARN_INFINITE_RECURSION = YES;
				CLANG_WARN_INT_CONVERSION = YES;
				CLANG_WARN_NON_LITERAL_NULL_CONVERSION = YES;
				CLANG_WARN_OBJC_IMPLICIT_RETAIN_SELF = YES;
				CLANG_WARN_OBJC_LITERAL_CONVERSION = YES;
				CLANG_WARN_OBJC_ROOT_CLASS = YES_ERROR;
				CLANG_WARN_RANGE_LOOP_ANALYSIS = YES;
				CLANG_WARN_STRICT_PROTOTYPES = YES;
				CLANG_WARN_SUSPICIOUS_MOVE = YES;
				CLANG_WARN_UNGUARDED_AVAILABILITY = YES_AGGRESSIVE;
				CLANG_WARN_UNREACHABLE_CODE = YES;
				CLANG_WARN__DUPLICATE_METHOD_MATCH = YES;
				COPY_PHASE_STRIP = NO;
				DEBUG_INFORMATION_FORMAT = dwarf;
				ENABLE_STRICT_OBJC_MSGSEND = YES;
				ENABLE_TESTABILITY = YES;
				GCC_C_LANGUAGE_STANDARD = gnu11;
				GCC_DYNAMIC_NO_PIC = NO;
				GCC_NO_COMMON_BLOCKS = YES;
				GCC_OPTIMIZATION_LEVEL = 0;
				GCC_PREPROCESSOR_DEFINITIONS = (
					"DEBUG=1",
					"$(inherited)",
				);
				GCC_WARN_64_TO_32_BIT_CONVERSION = YES;
				GCC_WARN_ABOUT_RETURN_TYPE = YES_ERROR;
				GCC_WARN_UNDECLARED_SELECTOR = YES;
				GCC_WARN_UNINITIALIZED_AUTOS = YES_AGGRESSIVE;
				GCC_WARN_UNUSED_FUNCTION = YES;
				GCC_WARN_UNUSED_VARIABLE = YES;
				MACOSX_DEPLOYMENT_TARGET = 10.15;
				MTL_ENABLE_DEBUG_INFO = INCLUDE_SOURCE;
				MTL_FAST_MATH = YES;
				ONLY_ACTIVE_ARCH = YES;
				SDKROOT = macosx;
				SWIFT_ACTIVE_COMPILATION_CONDITIONS = DEBUG;
				SWIFT_OPTIMIZATION_LEVEL = "-Onone";
			};
			name = Debug;
		};
		6ADAEFAF23C23DA6008ECF4B /* Release */ = {
			isa = XCBuildConfiguration;
			buildSettings = {
				ALWAYS_SEARCH_USER_PATHS = NO;
				CLANG_ANALYZER_LOCALIZABILITY_NONLOCALIZED = YES;
				CLANG_ANALYZER_NONNULL = YES;
				CLANG_ANALYZER_NUMBER_OBJECT_CONVERSION = YES_AGGRESSIVE;
				CLANG_CXX_LANGUAGE_STANDARD = "gnu++14";
				CLANG_CXX_LIBRARY = "libc++";
				CLANG_ENABLE_MODULES = YES;
				CLANG_ENABLE_OBJC_ARC = YES;
				CLANG_ENABLE_OBJC_WEAK = YES;
				CLANG_WARN_BLOCK_CAPTURE_AUTORELEASING = YES;
				CLANG_WARN_BOOL_CONVERSION = YES;
				CLANG_WARN_COMMA = YES;
				CLANG_WARN_CONSTANT_CONVERSION = YES;
				CLANG_WARN_DEPRECATED_OBJC_IMPLEMENTATIONS = YES;
				CLANG_WARN_DIRECT_OBJC_ISA_USAGE = YES_ERROR;
				CLANG_WARN_DOCUMENTATION_COMMENTS = YES;
				CLANG_WARN_EMPTY_BODY = YES;
				CLANG_WARN_ENUM_CONVERSION = YES;
				CLANG_WARN_INFINITE_RECURSION = YES;
				CLANG_WARN_INT_CONVERSION = YES;
				CLANG_WARN_NON_LITERAL_NULL_CONVERSION = YES;
				CLANG_WARN_OBJC_IMPLICIT_RETAIN_SELF = YES;
				CLANG_WARN_OBJC_LITERAL_CONVERSION = YES;
				CLANG_WARN_OBJC_ROOT_CLASS = YES_ERROR;
				CLANG_WARN_RANGE_LOOP_ANALYSIS = YES;
				CLANG_WARN_STRICT_PROTOTYPES = YES;
				CLANG_WARN_SUSPICIOUS_MOVE = YES;
				CLANG_WARN_UNGUARDED_AVAILABILITY = YES_AGGRESSIVE;
				CLANG_WARN_UNREACHABLE_CODE = YES;
				CLANG_WARN__DUPLICATE_METHOD_MATCH = YES;
				COPY_PHASE_STRIP = NO;
				DEBUG_INFORMATION_FORMAT = "dwarf-with-dsym";
				ENABLE_NS_ASSERTIONS = NO;
				ENABLE_STRICT_OBJC_MSGSEND = YES;
				GCC_C_LANGUAGE_STANDARD = gnu11;
				GCC_NO_COMMON_BLOCKS = YES;
				GCC_WARN_64_TO_32_BIT_CONVERSION = YES;
				GCC_WARN_ABOUT_RETURN_TYPE = YES_ERROR;
				GCC_WARN_UNDECLARED_SELECTOR = YES;
				GCC_WARN_UNINITIALIZED_AUTOS = YES_AGGRESSIVE;
				GCC_WARN_UNUSED_FUNCTION = YES;
				GCC_WARN_UNUSED_VARIABLE = YES;
				MACOSX_DEPLOYMENT_TARGET = 10.15;
				MTL_ENABLE_DEBUG_INFO = NO;
				MTL_FAST_MATH = YES;
				SDKROOT = macosx;
				SWIFT_COMPILATION_MODE = wholemodule;
				SWIFT_OPTIMIZATION_LEVEL = "-O";
			};
			name = Release;
		};
		6ADAEFB123C23DA6008ECF4B /* Debug */ = {
			isa = XCBuildConfiguration;
			buildSettings = {
				ASSETCATALOG_COMPILER_APPICON_NAME = AppIcon;
				CODE_SIGN_ENTITLEMENTS = HackintoshBuild/HackintoshBuild.entitlements;
				CODE_SIGN_IDENTITY = "Apple Development";
				CODE_SIGN_STYLE = Automatic;
				COMBINE_HIDPI_IMAGES = YES;
				CURRENT_PROJECT_VERSION = 1.2;
				DEVELOPMENT_TEAM = B84MTH5WF4;
				ENABLE_HARDENED_RUNTIME = YES;
				FRAMEWORK_SEARCH_PATHS = (
					"$(inherited)",
					"$(PROJECT_DIR)",
				);
				INFOPLIST_FILE = HackintoshBuild/Info.plist;
				LD_RUNPATH_SEARCH_PATHS = (
					"$(inherited)",
					"@executable_path/../Frameworks",
				);
				MACOSX_DEPLOYMENT_TARGET = 10.13;
				MARKETING_VERSION = 3.0;
				OTHER_SWIFT_FLAGS = "-D DEBUG";
				PRODUCT_BUNDLE_IDENTIFIER = bugprogrammer.HackintoshBuild;
				PRODUCT_NAME = "$(TARGET_NAME)";
				PROVISIONING_PROFILE_SPECIFIER = "";
				SWIFT_VERSION = 5.0;
			};
			name = Debug;
		};
		6ADAEFB223C23DA6008ECF4B /* Release */ = {
			isa = XCBuildConfiguration;
			buildSettings = {
				ASSETCATALOG_COMPILER_APPICON_NAME = AppIcon;
				CODE_SIGN_ENTITLEMENTS = HackintoshBuild/HackintoshBuild.entitlements;
				CODE_SIGN_IDENTITY = "Apple Development";
				CODE_SIGN_STYLE = Automatic;
				COMBINE_HIDPI_IMAGES = YES;
				CURRENT_PROJECT_VERSION = 1.2;
				DEVELOPMENT_TEAM = B84MTH5WF4;
				ENABLE_HARDENED_RUNTIME = YES;
				FRAMEWORK_SEARCH_PATHS = (
					"$(inherited)",
					"$(PROJECT_DIR)",
				);
				INFOPLIST_FILE = HackintoshBuild/Info.plist;
				LD_RUNPATH_SEARCH_PATHS = (
					"$(inherited)",
					"@executable_path/../Frameworks",
				);
				MACOSX_DEPLOYMENT_TARGET = 10.13;
				MARKETING_VERSION = 3.0;
				OTHER_SWIFT_FLAGS = "";
				PRODUCT_BUNDLE_IDENTIFIER = bugprogrammer.HackintoshBuild;
				PRODUCT_NAME = "$(TARGET_NAME)";
				PROVISIONING_PROFILE_SPECIFIER = "";
				SWIFT_VERSION = 5.0;
			};
			name = Release;
		};
/* End XCBuildConfiguration section */

/* Begin XCConfigurationList section */
		6ADAEF9B23C23DA5008ECF4B /* Build configuration list for PBXProject "HackintoshBuild" */ = {
			isa = XCConfigurationList;
			buildConfigurations = (
				6ADAEFAE23C23DA6008ECF4B /* Debug */,
				6ADAEFAF23C23DA6008ECF4B /* Release */,
			);
			defaultConfigurationIsVisible = 0;
			defaultConfigurationName = Release;
		};
		6ADAEFB023C23DA6008ECF4B /* Build configuration list for PBXNativeTarget "HackintoshBuild" */ = {
			isa = XCConfigurationList;
			buildConfigurations = (
				6ADAEFB123C23DA6008ECF4B /* Debug */,
				6ADAEFB223C23DA6008ECF4B /* Release */,
			);
			defaultConfigurationIsVisible = 0;
			defaultConfigurationName = Release;
		};
/* End XCConfigurationList section */

/* Begin XCRemoteSwiftPackageReference section */
		6A188A3F24624D3900CBE5B7 /* XCRemoteSwiftPackageReference "SwiftyMarkdown" */ = {
			isa = XCRemoteSwiftPackageReference;
			repositoryURL = "https://github.com/SimonFairbairn/SwiftyMarkdown";
			requirement = {
				kind = upToNextMajorVersion;
				minimumVersion = 1.2.1;
			};
		};
/* End XCRemoteSwiftPackageReference section */

/* Begin XCSwiftPackageProductDependency section */
		6A188A4024624D3900CBE5B7 /* SwiftyMarkdown */ = {
			isa = XCSwiftPackageProductDependency;
			package = 6A188A3F24624D3900CBE5B7 /* XCRemoteSwiftPackageReference "SwiftyMarkdown" */;
			productName = SwiftyMarkdown;
		};
/* End XCSwiftPackageProductDependency section */
	};
	rootObject = 6ADAEF9823C23DA5008ECF4B /* Project object */;
}
