// !$*UTF8*$!
{
	archiveVersion = 1;
	classes = {
	};
	objectVersion = 51;
	objects = {

/* Begin PBXBuildFile section */
		1158FAB023D6E1610095FED5 /* main.swift in Sources */ = {isa = PBXBuildFile; fileRef = 1158FAAF23D6E1610095FED5 /* main.swift */; };
		116D2D8B23D6C528001FED06 /* unlockSLE.command in Resources */ = {isa = PBXBuildFile; fileRef = 116D2D8A23D6C528001FED06 /* unlockSLE.command */; };
		116D2D8D23D6C540001FED06 /* rebuildCache.command in Resources */ = {isa = PBXBuildFile; fileRef = 116D2D8C23D6C540001FED06 /* rebuildCache.command */; };
		117B27B023E9485C00581352 /* AraHUDView.xib in Resources */ = {isa = PBXBuildFile; fileRef = 117B27AF23E9485C00581352 /* AraHUDView.xib */; };
		117B27B223E94B8E00581352 /* AraHUDViewController.swift in Sources */ = {isa = PBXBuildFile; fileRef = 117B27B123E94B8E00581352 /* AraHUDViewController.swift */; };
		117B27B423E957C600581352 /* AraHUDView.swift in Sources */ = {isa = PBXBuildFile; fileRef = 117B27B323E957C600581352 /* AraHUDView.swift */; };
		1193974723D1BF380096297C /* ViewControllerOther.swift in Sources */ = {isa = PBXBuildFile; fileRef = 1193974623D1BF380096297C /* ViewControllerOther.swift */; };
		1193974923D1C1390096297C /* MyTool.swift in Sources */ = {isa = PBXBuildFile; fileRef = 1193974823D1C1390096297C /* MyTool.swift */; };
		1193974C23D1C7BA0096297C /* MyLog.swift in Sources */ = {isa = PBXBuildFile; fileRef = 1193974B23D1C7BA0096297C /* MyLog.swift */; };
		11A5716923D6EBAC00437951 /* GitHubUpdates.framework in Frameworks */ = {isa = PBXBuildFile; fileRef = 11A5716823D6EB4200437951 /* GitHubUpdates.framework */; };
		11A5716A23D6EBAC00437951 /* GitHubUpdates.framework in Embed Frameworks */ = {isa = PBXBuildFile; fileRef = 11A5716823D6EB4200437951 /* GitHubUpdates.framework */; settings = {ATTRIBUTES = (CodeSignOnCopy, RemoveHeadersOnCopy, ); }; };
		11D5C27823D1B11300461A78 /* BaseWindowController.swift in Sources */ = {isa = PBXBuildFile; fileRef = 11D5C27723D1B11300461A78 /* BaseWindowController.swift */; };
		11D5C27A23D1B63700461A78 /* MyAsset.swift in Sources */ = {isa = PBXBuildFile; fileRef = 11D5C27923D1B63700461A78 /* MyAsset.swift */; };
		6A0D773D23C7A917003F5C3A /* Main.storyboard in Resources */ = {isa = PBXBuildFile; fileRef = 6A0D773C23C7A744003F5C3A /* Main.storyboard */; };
		6A0DC962241041E3000E9775 /* openEFI.command in Resources */ = {isa = PBXBuildFile; fileRef = 6A0DC961241041E3000E9775 /* openEFI.command */; };
		6A1E571C23F31AB5004E8430 /* ViewControllerIoreg.swift in Sources */ = {isa = PBXBuildFile; fileRef = 6A1E571B23F31AB5004E8430 /* ViewControllerIoreg.swift */; };
		6A20F6B223F80BA700E69F60 /* OCVersion.command in Resources */ = {isa = PBXBuildFile; fileRef = 6A20F6B123F80BA700E69F60 /* OCVersion.command */; };
		6A21D45923EE869B007D7CE9 /* timeMachine.command in Resources */ = {isa = PBXBuildFile; fileRef = 6A21D45623EE869B007D7CE9 /* timeMachine.command */; };
		6A2D271123DF324100238E46 /* ViewControllerNvram.swift in Sources */ = {isa = PBXBuildFile; fileRef = 6A2D271023DF324100238E46 /* ViewControllerNvram.swift */; };
		6A2D271423DF364300238E46 /* nvramKeys.command in Resources */ = {isa = PBXBuildFile; fileRef = 6A2D271323DF364300238E46 /* nvramKeys.command */; };
		6A36D49823F85BD500CD042B /* CloverVersion.command in Resources */ = {isa = PBXBuildFile; fileRef = 6A36D49723F85BD500CD042B /* CloverVersion.command */; };
		6A427D1323E459BD00A0B4E3 /* ViewControllerLock.swift in Sources */ = {isa = PBXBuildFile; fileRef = 6A427D1223E459BC00A0B4E3 /* ViewControllerLock.swift */; };
		6A427D1623E4618F00A0B4E3 /* changeLockPicture.command in Resources */ = {isa = PBXBuildFile; fileRef = 6A427D1523E4618F00A0B4E3 /* changeLockPicture.command */; };
		6A4A9FA323E59F86008D8EF8 /* sipStatus.command in Resources */ = {isa = PBXBuildFile; fileRef = 6A4A9FA223E59F86008D8EF8 /* sipStatus.command */; };
		6A4B7E8B23F9B63300A6EFFF /* alipay.jpg in Resources */ = {isa = PBXBuildFile; fileRef = 6AE76A6D23F9B4F900B931F1 /* alipay.jpg */; };
		6A4B7E8C23F9B63300A6EFFF /* wechatpay.jpg in Resources */ = {isa = PBXBuildFile; fileRef = 6AE76A6E23F9B4F900B931F1 /* wechatpay.jpg */; };
		6A4B7E8F23F9B70F00A6EFFF /* bdmesg in Resources */ = {isa = PBXBuildFile; fileRef = 6A4B7E8E23F9B6BA00A6EFFF /* bdmesg */; };
		6A54B4752408159A000BCFE7 /* showhiddenFiles.command in Resources */ = {isa = PBXBuildFile; fileRef = 6A54B4742408159A000BCFE7 /* showhiddenFiles.command */; };
		6A723DE8240BEE30007EB3AD /* systeminfo.command in Resources */ = {isa = PBXBuildFile; fileRef = 6A723DE7240BEE30007EB3AD /* systeminfo.command */; };
		6A723E11240C1D94007EB3AD /* Localizable.strings in Resources */ = {isa = PBXBuildFile; fileRef = 6A723E13240C1D94007EB3AD /* Localizable.strings */; };
		6A723E18240E71DE007EB3AD /* diskUnmount.command in Resources */ = {isa = PBXBuildFile; fileRef = 6A723E17240E71DE007EB3AD /* diskUnmount.command */; };
		6A723E46240EB1CC007EB3AD /* open.png in Resources */ = {isa = PBXBuildFile; fileRef = 6A723E45240EB1CB007EB3AD /* open.png */; };
		6A723E48240EB649007EB3AD /* unmount.png in Resources */ = {isa = PBXBuildFile; fileRef = 6A723E47240EB649007EB3AD /* unmount.png */; };
		6A7649DA23E2BB5C00F6D89A /* nvramValues.command in Resources */ = {isa = PBXBuildFile; fileRef = 6A7649D923E2BB5C00F6D89A /* nvramValues.command */; };
		6A7A718C23D82DAE0082FA94 /* ViewControllerDisk.swift in Sources */ = {isa = PBXBuildFile; fileRef = 6A7A718B23D82DAE0082FA94 /* ViewControllerDisk.swift */; };
		6A7A719123D845DB0082FA94 /* diskInfo.command in Resources */ = {isa = PBXBuildFile; fileRef = 6A7A718F23D845DB0082FA94 /* diskInfo.command */; };
		6A817EAE240AB70E003224DE /* TabViewControllerInfo.swift in Sources */ = {isa = PBXBuildFile; fileRef = 6A817EAD240AB70E003224DE /* TabViewControllerInfo.swift */; };
		6A817EB0240ABE74003224DE /* ViewControllerInfo.swift in Sources */ = {isa = PBXBuildFile; fileRef = 6A817EAF240ABE74003224DE /* ViewControllerInfo.swift */; };
		6A817EB2240ABEA6003224DE /* ViewControllerConfig.swift in Sources */ = {isa = PBXBuildFile; fileRef = 6A817EB1240ABEA6003224DE /* ViewControllerConfig.swift */; };
		6A817EB4240ABEDA003224DE /* ViewControllerAppleIntelInfo.swift in Sources */ = {isa = PBXBuildFile; fileRef = 6A817EB3240ABEDA003224DE /* ViewControllerAppleIntelInfo.swift */; };
		6A817EB6240ABEF4003224DE /* ViewControllerUpdate.swift in Sources */ = {isa = PBXBuildFile; fileRef = 6A817EB5240ABEF4003224DE /* ViewControllerUpdate.swift */; };
		6A87220523F5B4C100D77EEF /* WebKit.framework in Frameworks */ = {isa = PBXBuildFile; fileRef = 6A87220323F5B4C100D77EEF /* WebKit.framework */; };
		6A8E53CF23F3FEEE001E59D3 /* AppleIntelInfo.kext in Resources */ = {isa = PBXBuildFile; fileRef = 6A8E53CE23F3FEEE001E59D3 /* AppleIntelInfo.kext */; };
		6A8E53D123F40289001E59D3 /* AppleIntelInfo.command in Resources */ = {isa = PBXBuildFile; fileRef = 6A8E53D023F40289001E59D3 /* AppleIntelInfo.command */; };
		6AA6EE0723E5859900BF15FD /* resetLockPicture.command in Resources */ = {isa = PBXBuildFile; fileRef = 6AA6EE0623E5859900BF15FD /* resetLockPicture.command */; };
		6AAB82CA23D205E300ACFB81 /* ViewControllerEFI.swift in Sources */ = {isa = PBXBuildFile; fileRef = 6AAB82C923D205E300ACFB81 /* ViewControllerEFI.swift */; };
		6AAB82D023D22C0E00ACFB81 /* getEFI.command in Resources */ = {isa = PBXBuildFile; fileRef = 6AAB82CF23D22C0E00ACFB81 /* getEFI.command */; };
		6AB8B6FC23D582FC00A993C5 /* spctl.command in Resources */ = {isa = PBXBuildFile; fileRef = 6AB8B6FB23D582FC00A993C5 /* spctl.command */; };
		6AC3982123EA94820090A56A /* kextInfo.command in Resources */ = {isa = PBXBuildFile; fileRef = 6AC3982023EA94820090A56A /* kextInfo.command */; };
		6ADAEFA423C23DA5008ECF4B /* AppDelegate.swift in Sources */ = {isa = PBXBuildFile; fileRef = 6ADAEFA323C23DA5008ECF4B /* AppDelegate.swift */; };
		6ADAEFA623C23DA5008ECF4B /* ViewControllerBuild.swift in Sources */ = {isa = PBXBuildFile; fileRef = 6ADAEFA523C23DA5008ECF4B /* ViewControllerBuild.swift */; };
		6ADAEFA823C23DA6008ECF4B /* Assets.xcassets in Resources */ = {isa = PBXBuildFile; fileRef = 6ADAEFA723C23DA6008ECF4B /* Assets.xcassets */; };
		6ADAEFBB23C257E5008ECF4B /* Hackintosh_build.command in Resources */ = {isa = PBXBuildFile; fileRef = 6ADAEFBA23C257E5008ECF4B /* Hackintosh_build.command */; };
		6AE76A6523F9AC7C00B931F1 /* ViewControllerPay.swift in Sources */ = {isa = PBXBuildFile; fileRef = 6AE76A6423F9AC7C00B931F1 /* ViewControllerPay.swift */; };
		6AE8345023D8B28B005BADCF /* diskMount.command in Resources */ = {isa = PBXBuildFile; fileRef = 6AE8344F23D8B28B005BADCF /* diskMount.command */; };
		6AEC97972407C97D00674533 /* mtoc in Resources */ = {isa = PBXBuildFile; fileRef = 6AEC97952407C97D00674533 /* mtoc */; };
		6AEC979A2407C98F00674533 /* nasm in Resources */ = {isa = PBXBuildFile; fileRef = 6AEC97982407C98F00674533 /* nasm */; };
		6AEC979B2407C98F00674533 /* ndisasm in Resources */ = {isa = PBXBuildFile; fileRef = 6AEC97992407C98F00674533 /* ndisasm */; };
/* End PBXBuildFile section */

/* Begin PBXContainerItemProxy section */
		11A5716723D6EB4200437951 /* PBXContainerItemProxy */ = {
			isa = PBXContainerItemProxy;
			containerPortal = 11A5716323D6EB4200437951 /* GitHubUpdates.xcodeproj */;
			proxyType = 2;
			remoteGlobalIDString = 05F82B251EF32EA700EC8A93;
			remoteInfo = GitHubUpdates;
		};
/* End PBXContainerItemProxy section */

/* Begin PBXCopyFilesBuildPhase section */
		11A5716B23D6EBAC00437951 /* Embed Frameworks */ = {
			isa = PBXCopyFilesBuildPhase;
			buildActionMask = 2147483647;
			dstPath = "";
			dstSubfolderSpec = 10;
			files = (
				11A5716A23D6EBAC00437951 /* GitHubUpdates.framework in Embed Frameworks */,
			);
			name = "Embed Frameworks";
			runOnlyForDeploymentPostprocessing = 0;
		};
/* End PBXCopyFilesBuildPhase section */

/* Begin PBXFileReference section */
		1158FAAF23D6E1610095FED5 /* main.swift */ = {isa = PBXFileReference; lastKnownFileType = sourcecode.swift; path = main.swift; sourceTree = "<group>"; };
		116D2D8A23D6C528001FED06 /* unlockSLE.command */ = {isa = PBXFileReference; fileEncoding = 4; lastKnownFileType = text.script.sh; path = unlockSLE.command; sourceTree = "<group>"; };
		116D2D8C23D6C540001FED06 /* rebuildCache.command */ = {isa = PBXFileReference; fileEncoding = 4; lastKnownFileType = text.script.sh; path = rebuildCache.command; sourceTree = "<group>"; };
		117B27AF23E9485C00581352 /* AraHUDView.xib */ = {isa = PBXFileReference; lastKnownFileType = file.xib; path = AraHUDView.xib; sourceTree = "<group>"; };
		117B27B123E94B8E00581352 /* AraHUDViewController.swift */ = {isa = PBXFileReference; lastKnownFileType = sourcecode.swift; path = AraHUDViewController.swift; sourceTree = "<group>"; };
		117B27B323E957C600581352 /* AraHUDView.swift */ = {isa = PBXFileReference; lastKnownFileType = sourcecode.swift; path = AraHUDView.swift; sourceTree = "<group>"; };
		1193974623D1BF380096297C /* ViewControllerOther.swift */ = {isa = PBXFileReference; lastKnownFileType = sourcecode.swift; path = ViewControllerOther.swift; sourceTree = "<group>"; };
		1193974823D1C1390096297C /* MyTool.swift */ = {isa = PBXFileReference; lastKnownFileType = sourcecode.swift; path = MyTool.swift; sourceTree = "<group>"; };
		1193974B23D1C7BA0096297C /* MyLog.swift */ = {isa = PBXFileReference; lastKnownFileType = sourcecode.swift; path = MyLog.swift; sourceTree = "<group>"; };
		11A5716323D6EB4200437951 /* GitHubUpdates.xcodeproj */ = {isa = PBXFileReference; lastKnownFileType = "wrapper.pb-project"; name = GitHubUpdates.xcodeproj; path = SDK/GitHubUpdates/GitHubUpdates.xcodeproj; sourceTree = SOURCE_ROOT; };
		11D5C27723D1B11300461A78 /* BaseWindowController.swift */ = {isa = PBXFileReference; lastKnownFileType = sourcecode.swift; path = BaseWindowController.swift; sourceTree = "<group>"; };
		11D5C27923D1B63700461A78 /* MyAsset.swift */ = {isa = PBXFileReference; lastKnownFileType = sourcecode.swift; path = MyAsset.swift; sourceTree = "<group>"; };
		6A0D773C23C7A744003F5C3A /* Main.storyboard */ = {isa = PBXFileReference; lastKnownFileType = file.storyboard; name = Main.storyboard; path = Base.lproj/Main.storyboard; sourceTree = "<group>"; };
		6A0DC961241041E3000E9775 /* openEFI.command */ = {isa = PBXFileReference; lastKnownFileType = text; path = openEFI.command; sourceTree = "<group>"; };
		6A1E571B23F31AB5004E8430 /* ViewControllerIoreg.swift */ = {isa = PBXFileReference; lastKnownFileType = sourcecode.swift; path = ViewControllerIoreg.swift; sourceTree = "<group>"; };
		6A20F6B123F80BA700E69F60 /* OCVersion.command */ = {isa = PBXFileReference; lastKnownFileType = text; path = OCVersion.command; sourceTree = "<group>"; };
		6A21D45623EE869B007D7CE9 /* timeMachine.command */ = {isa = PBXFileReference; fileEncoding = 4; lastKnownFileType = text; path = timeMachine.command; sourceTree = "<group>"; };
		6A2D271023DF324100238E46 /* ViewControllerNvram.swift */ = {isa = PBXFileReference; lastKnownFileType = sourcecode.swift; path = ViewControllerNvram.swift; sourceTree = "<group>"; };
		6A2D271323DF364300238E46 /* nvramKeys.command */ = {isa = PBXFileReference; lastKnownFileType = text.script.sh; path = nvramKeys.command; sourceTree = "<group>"; };
		6A36D49723F85BD500CD042B /* CloverVersion.command */ = {isa = PBXFileReference; lastKnownFileType = text; path = CloverVersion.command; sourceTree = "<group>"; };
		6A427D1223E459BC00A0B4E3 /* ViewControllerLock.swift */ = {isa = PBXFileReference; lastKnownFileType = sourcecode.swift; path = ViewControllerLock.swift; sourceTree = "<group>"; };
		6A427D1523E4618F00A0B4E3 /* changeLockPicture.command */ = {isa = PBXFileReference; lastKnownFileType = text; path = changeLockPicture.command; sourceTree = "<group>"; };
		6A4A9FA223E59F86008D8EF8 /* sipStatus.command */ = {isa = PBXFileReference; lastKnownFileType = text; path = sipStatus.command; sourceTree = "<group>"; };
		6A4B7E8E23F9B6BA00A6EFFF /* bdmesg */ = {isa = PBXFileReference; lastKnownFileType = "compiled.mach-o.executable"; path = bdmesg; sourceTree = "<group>"; };
		6A54B4742408159A000BCFE7 /* showhiddenFiles.command */ = {isa = PBXFileReference; lastKnownFileType = text; path = showhiddenFiles.command; sourceTree = "<group>"; };
		6A723DE7240BEE30007EB3AD /* systeminfo.command */ = {isa = PBXFileReference; lastKnownFileType = text; path = systeminfo.command; sourceTree = "<group>"; };
		6A723E12240C1D94007EB3AD /* en */ = {isa = PBXFileReference; lastKnownFileType = text.plist.strings; name = en; path = en.lproj/Localizable.strings; sourceTree = "<group>"; };
		6A723E16240C1DD0007EB3AD /* zh-Hans */ = {isa = PBXFileReference; lastKnownFileType = text.plist.strings; name = "zh-Hans"; path = "zh-Hans.lproj/Localizable.strings"; sourceTree = "<group>"; };
		6A723E17240E71DE007EB3AD /* diskUnmount.command */ = {isa = PBXFileReference; lastKnownFileType = text; path = diskUnmount.command; sourceTree = "<group>"; };
		6A723E45240EB1CB007EB3AD /* open.png */ = {isa = PBXFileReference; lastKnownFileType = image.png; path = open.png; sourceTree = "<group>"; };
		6A723E47240EB649007EB3AD /* unmount.png */ = {isa = PBXFileReference; lastKnownFileType = image.png; path = unmount.png; sourceTree = "<group>"; };
		6A7649D923E2BB5C00F6D89A /* nvramValues.command */ = {isa = PBXFileReference; lastKnownFileType = text; path = nvramValues.command; sourceTree = "<group>"; };
		6A7A718B23D82DAE0082FA94 /* ViewControllerDisk.swift */ = {isa = PBXFileReference; lastKnownFileType = sourcecode.swift; path = ViewControllerDisk.swift; sourceTree = "<group>"; };
		6A7A718F23D845DB0082FA94 /* diskInfo.command */ = {isa = PBXFileReference; fileEncoding = 4; lastKnownFileType = text.script.sh; path = diskInfo.command; sourceTree = "<group>"; };
		6A817EAD240AB70E003224DE /* TabViewControllerInfo.swift */ = {isa = PBXFileReference; lastKnownFileType = sourcecode.swift; path = TabViewControllerInfo.swift; sourceTree = "<group>"; };
		6A817EAF240ABE74003224DE /* ViewControllerInfo.swift */ = {isa = PBXFileReference; lastKnownFileType = sourcecode.swift; path = ViewControllerInfo.swift; sourceTree = "<group>"; };
		6A817EB1240ABEA6003224DE /* ViewControllerConfig.swift */ = {isa = PBXFileReference; lastKnownFileType = sourcecode.swift; path = ViewControllerConfig.swift; sourceTree = "<group>"; };
		6A817EB3240ABEDA003224DE /* ViewControllerAppleIntelInfo.swift */ = {isa = PBXFileReference; lastKnownFileType = sourcecode.swift; path = ViewControllerAppleIntelInfo.swift; sourceTree = "<group>"; };
		6A817EB5240ABEF4003224DE /* ViewControllerUpdate.swift */ = {isa = PBXFileReference; lastKnownFileType = sourcecode.swift; path = ViewControllerUpdate.swift; sourceTree = "<group>"; };
		6A87220323F5B4C100D77EEF /* WebKit.framework */ = {isa = PBXFileReference; lastKnownFileType = wrapper.framework; name = WebKit.framework; path = System/Library/Frameworks/WebKit.framework; sourceTree = SDKROOT; };
		6A8E53CE23F3FEEE001E59D3 /* AppleIntelInfo.kext */ = {isa = PBXFileReference; lastKnownFileType = "wrapper.kernel-extension"; path = AppleIntelInfo.kext; sourceTree = "<group>"; };
		6A8E53D023F40289001E59D3 /* AppleIntelInfo.command */ = {isa = PBXFileReference; lastKnownFileType = text; path = AppleIntelInfo.command; sourceTree = "<group>"; };
		6AA6EE0623E5859900BF15FD /* resetLockPicture.command */ = {isa = PBXFileReference; lastKnownFileType = text; path = resetLockPicture.command; sourceTree = "<group>"; };
		6AAB82C923D205E300ACFB81 /* ViewControllerEFI.swift */ = {isa = PBXFileReference; lastKnownFileType = sourcecode.swift; path = ViewControllerEFI.swift; sourceTree = "<group>"; };
		6AAB82CF23D22C0E00ACFB81 /* getEFI.command */ = {isa = PBXFileReference; lastKnownFileType = text; path = getEFI.command; sourceTree = "<group>"; };
		6AB8B6FB23D582FC00A993C5 /* spctl.command */ = {isa = PBXFileReference; lastKnownFileType = text; path = spctl.command; sourceTree = "<group>"; };
		6AC3982023EA94820090A56A /* kextInfo.command */ = {isa = PBXFileReference; lastKnownFileType = text; path = kextInfo.command; sourceTree = "<group>"; };
		6ADAEFA023C23DA5008ECF4B /* HackintoshBuild.app */ = {isa = PBXFileReference; explicitFileType = wrapper.application; includeInIndex = 0; path = HackintoshBuild.app; sourceTree = BUILT_PRODUCTS_DIR; };
		6ADAEFA323C23DA5008ECF4B /* AppDelegate.swift */ = {isa = PBXFileReference; lastKnownFileType = sourcecode.swift; path = AppDelegate.swift; sourceTree = "<group>"; };
		6ADAEFA523C23DA5008ECF4B /* ViewControllerBuild.swift */ = {isa = PBXFileReference; lastKnownFileType = sourcecode.swift; path = ViewControllerBuild.swift; sourceTree = "<group>"; };
		6ADAEFA723C23DA6008ECF4B /* Assets.xcassets */ = {isa = PBXFileReference; lastKnownFileType = folder.assetcatalog; path = Assets.xcassets; sourceTree = "<group>"; };
		6ADAEFAC23C23DA6008ECF4B /* Info.plist */ = {isa = PBXFileReference; lastKnownFileType = text.plist.xml; path = Info.plist; sourceTree = "<group>"; };
		6ADAEFAD23C23DA6008ECF4B /* HackintoshBuild.entitlements */ = {isa = PBXFileReference; lastKnownFileType = text.plist.entitlements; path = HackintoshBuild.entitlements; sourceTree = "<group>"; };
		6ADAEFBA23C257E5008ECF4B /* Hackintosh_build.command */ = {isa = PBXFileReference; fileEncoding = 4; lastKnownFileType = text.script.sh; path = Hackintosh_build.command; sourceTree = "<group>"; };
		6AE76A6423F9AC7C00B931F1 /* ViewControllerPay.swift */ = {isa = PBXFileReference; lastKnownFileType = sourcecode.swift; path = ViewControllerPay.swift; sourceTree = "<group>"; };
		6AE76A6D23F9B4F900B931F1 /* alipay.jpg */ = {isa = PBXFileReference; lastKnownFileType = image.jpeg; path = alipay.jpg; sourceTree = "<group>"; };
		6AE76A6E23F9B4F900B931F1 /* wechatpay.jpg */ = {isa = PBXFileReference; lastKnownFileType = image.jpeg; path = wechatpay.jpg; sourceTree = "<group>"; };
		6AE8344F23D8B28B005BADCF /* diskMount.command */ = {isa = PBXFileReference; lastKnownFileType = text; path = diskMount.command; sourceTree = "<group>"; };
		6AEC97952407C97D00674533 /* mtoc */ = {isa = PBXFileReference; lastKnownFileType = "compiled.mach-o.executable"; path = mtoc; sourceTree = "<group>"; };
		6AEC97982407C98F00674533 /* nasm */ = {isa = PBXFileReference; lastKnownFileType = "compiled.mach-o.executable"; path = nasm; sourceTree = "<group>"; };
		6AEC97992407C98F00674533 /* ndisasm */ = {isa = PBXFileReference; lastKnownFileType = "compiled.mach-o.executable"; path = ndisasm; sourceTree = "<group>"; };
/* End PBXFileReference section */

/* Begin PBXFrameworksBuildPhase section */
		6ADAEF9D23C23DA5008ECF4B /* Frameworks */ = {
			isa = PBXFrameworksBuildPhase;
			buildActionMask = 2147483647;
			files = (
				6A87220523F5B4C100D77EEF /* WebKit.framework in Frameworks */,
				11A5716923D6EBAC00437951 /* GitHubUpdates.framework in Frameworks */,
			);
			runOnlyForDeploymentPostprocessing = 0;
		};
/* End PBXFrameworksBuildPhase section */

/* Begin PBXGroup section */
		117B27AB23E947CF00581352 /* HUD */ = {
			isa = PBXGroup;
			children = (
				117B27B123E94B8E00581352 /* AraHUDViewController.swift */,
				117B27B323E957C600581352 /* AraHUDView.swift */,
				117B27AF23E9485C00581352 /* AraHUDView.xib */,
			);
			path = HUD;
			sourceTree = "<group>";
		};
		1193974A23D1C7690096297C /* Global */ = {
			isa = PBXGroup;
			children = (
				117B27AB23E947CF00581352 /* HUD */,
				1193974823D1C1390096297C /* MyTool.swift */,
				11D5C27923D1B63700461A78 /* MyAsset.swift */,
				1193974B23D1C7BA0096297C /* MyLog.swift */,
			);
			path = Global;
			sourceTree = "<group>";
		};
		11A5716423D6EB4200437951 /* Products */ = {
			isa = PBXGroup;
			children = (
				11A5716823D6EB4200437951 /* GitHubUpdates.framework */,
			);
			name = Products;
			sourceTree = "<group>";
		};
		11D5C27B23D1B63A00461A78 /* Supporting Files */ = {
			isa = PBXGroup;
			children = (
				1158FAAF23D6E1610095FED5 /* main.swift */,
				6ADAEFA323C23DA5008ECF4B /* AppDelegate.swift */,
				6ADAEFA723C23DA6008ECF4B /* Assets.xcassets */,
				6ADAEFAC23C23DA6008ECF4B /* Info.plist */,
				6ADAEFAD23C23DA6008ECF4B /* HackintoshBuild.entitlements */,
			);
			name = "Supporting Files";
			sourceTree = "<group>";
		};
		6A1A664323D1E824009E24EC /* Command */ = {
			isa = PBXGroup;
			children = (
				116D2D8C23D6C540001FED06 /* rebuildCache.command */,
				116D2D8A23D6C528001FED06 /* unlockSLE.command */,
				6ADAEFBA23C257E5008ECF4B /* Hackintosh_build.command */,
				6AAB82CF23D22C0E00ACFB81 /* getEFI.command */,
				6AB8B6FB23D582FC00A993C5 /* spctl.command */,
				6A7A718F23D845DB0082FA94 /* diskInfo.command */,
				6A2D271323DF364300238E46 /* nvramKeys.command */,
				6AE8344F23D8B28B005BADCF /* diskMount.command */,
				6A723E17240E71DE007EB3AD /* diskUnmount.command */,
				6A7649D923E2BB5C00F6D89A /* nvramValues.command */,
				6A427D1523E4618F00A0B4E3 /* changeLockPicture.command */,
				6AA6EE0623E5859900BF15FD /* resetLockPicture.command */,
				6A4A9FA223E59F86008D8EF8 /* sipStatus.command */,
				6AC3982023EA94820090A56A /* kextInfo.command */,
				6A21D45623EE869B007D7CE9 /* timeMachine.command */,
				6A8E53D023F40289001E59D3 /* AppleIntelInfo.command */,
				6A20F6B123F80BA700E69F60 /* OCVersion.command */,
				6A36D49723F85BD500CD042B /* CloverVersion.command */,
				6A54B4742408159A000BCFE7 /* showhiddenFiles.command */,
				6A723DE7240BEE30007EB3AD /* systeminfo.command */,
				6A0DC961241041E3000E9775 /* openEFI.command */,
			);
			path = Command;
			sourceTree = "<group>";
		};
		6A4B7E8D23F9B6BA00A6EFFF /* tools */ = {
			isa = PBXGroup;
			children = (
				6AEC97982407C98F00674533 /* nasm */,
				6AEC97992407C98F00674533 /* ndisasm */,
				6AEC97952407C97D00674533 /* mtoc */,
				6A4B7E8E23F9B6BA00A6EFFF /* bdmesg */,
				6A8E53CE23F3FEEE001E59D3 /* AppleIntelInfo.kext */,
			);
			path = tools;
			sourceTree = "<group>";
		};
		6A817EB7240ABF17003224DE /* TabViewController */ = {
			isa = PBXGroup;
			children = (
				6A817EAF240ABE74003224DE /* ViewControllerInfo.swift */,
				6A817EB1240ABEA6003224DE /* ViewControllerConfig.swift */,
				6A817EB3240ABEDA003224DE /* ViewControllerAppleIntelInfo.swift */,
				6A817EB5240ABEF4003224DE /* ViewControllerUpdate.swift */,
				6A817EAD240AB70E003224DE /* TabViewControllerInfo.swift */,
			);
			path = TabViewController;
			sourceTree = "<group>";
		};
		6ADAEF9723C23DA5008ECF4B = {
			isa = PBXGroup;
			children = (
				6ADAEFA223C23DA5008ECF4B /* HackintoshBuild */,
				6ADAEFA123C23DA5008ECF4B /* Products */,
				6AECB88A23D4B7260069B099 /* Frameworks */,
			);
			sourceTree = "<group>";
		};
		6ADAEFA123C23DA5008ECF4B /* Products */ = {
			isa = PBXGroup;
			children = (
				6ADAEFA023C23DA5008ECF4B /* HackintoshBuild.app */,
			);
			name = Products;
			sourceTree = "<group>";
		};
		6ADAEFA223C23DA5008ECF4B /* HackintoshBuild */ = {
			isa = PBXGroup;
			children = (
				6A723E45240EB1CB007EB3AD /* open.png */,
				6A723E47240EB649007EB3AD /* unmount.png */,
				6AE76A6C23F9B4F900B931F1 /* Pay */,
				6A4B7E8D23F9B6BA00A6EFFF /* tools */,
				11A5716323D6EB4200437951 /* GitHubUpdates.xcodeproj */,
				6A1A664323D1E824009E24EC /* Command */,
				1193974A23D1C7690096297C /* Global */,
				11D5C27723D1B11300461A78 /* BaseWindowController.swift */,
				6AE76A6423F9AC7C00B931F1 /* ViewControllerPay.swift */,
				6A427D1223E459BC00A0B4E3 /* ViewControllerLock.swift */,
				6A2D271023DF324100238E46 /* ViewControllerNvram.swift */,
				6A7A718B23D82DAE0082FA94 /* ViewControllerDisk.swift */,
				6ADAEFA523C23DA5008ECF4B /* ViewControllerBuild.swift */,
				1193974623D1BF380096297C /* ViewControllerOther.swift */,
				6AAB82C923D205E300ACFB81 /* ViewControllerEFI.swift */,
				6A1E571B23F31AB5004E8430 /* ViewControllerIoreg.swift */,
				6A817EB7240ABF17003224DE /* TabViewController */,
				6A0D773C23C7A744003F5C3A /* Main.storyboard */,
				11D5C27B23D1B63A00461A78 /* Supporting Files */,
				6A723E13240C1D94007EB3AD /* Localizable.strings */,
			);
			path = HackintoshBuild;
			sourceTree = "<group>";
		};
		6AE76A6C23F9B4F900B931F1 /* Pay */ = {
			isa = PBXGroup;
			children = (
				6AE76A6D23F9B4F900B931F1 /* alipay.jpg */,
				6AE76A6E23F9B4F900B931F1 /* wechatpay.jpg */,
			);
			path = Pay;
			sourceTree = "<group>";
		};
		6AECB88A23D4B7260069B099 /* Frameworks */ = {
			isa = PBXGroup;
			children = (
				6A87220323F5B4C100D77EEF /* WebKit.framework */,
			);
			name = Frameworks;
			sourceTree = "<group>";
		};
/* End PBXGroup section */

/* Begin PBXNativeTarget section */
		6ADAEF9F23C23DA5008ECF4B /* HackintoshBuild */ = {
			isa = PBXNativeTarget;
			buildConfigurationList = 6ADAEFB023C23DA6008ECF4B /* Build configuration list for PBXNativeTarget "HackintoshBuild" */;
			buildPhases = (
				6ADAEF9C23C23DA5008ECF4B /* Sources */,
				6ADAEF9D23C23DA5008ECF4B /* Frameworks */,
				6ADAEF9E23C23DA5008ECF4B /* Resources */,
				11A5716B23D6EBAC00437951 /* Embed Frameworks */,
			);
			buildRules = (
			);
			dependencies = (
			);
			name = HackintoshBuild;
			productName = HackintoshBuild;
			productReference = 6ADAEFA023C23DA5008ECF4B /* HackintoshBuild.app */;
			productType = "com.apple.product-type.application";
		};
/* End PBXNativeTarget section */

/* Begin PBXProject section */
		6ADAEF9823C23DA5008ECF4B /* Project object */ = {
			isa = PBXProject;
			attributes = {
				LastSwiftUpdateCheck = 1130;
				LastUpgradeCheck = 1130;
				ORGANIZATIONNAME = wbx;
				TargetAttributes = {
					6ADAEF9F23C23DA5008ECF4B = {
						CreatedOnToolsVersion = 11.3;
					};
				};
			};
			buildConfigurationList = 6ADAEF9B23C23DA5008ECF4B /* Build configuration list for PBXProject "HackintoshBuild" */;
			compatibilityVersion = "Xcode 10.0";
			developmentRegion = en;
			hasScannedForEncodings = 0;
			knownRegions = (
				en,
				Base,
				"zh-Hans",
			);
			mainGroup = 6ADAEF9723C23DA5008ECF4B;
			productRefGroup = 6ADAEFA123C23DA5008ECF4B /* Products */;
			projectDirPath = "";
			projectReferences = (
				{
					ProductGroup = 11A5716423D6EB4200437951 /* Products */;
					ProjectRef = 11A5716323D6EB4200437951 /* GitHubUpdates.xcodeproj */;
				},
			);
			projectRoot = "";
			targets = (
				6ADAEF9F23C23DA5008ECF4B /* HackintoshBuild */,
			);
		};
/* End PBXProject section */

/* Begin PBXReferenceProxy section */
		11A5716823D6EB4200437951 /* GitHubUpdates.framework */ = {
			isa = PBXReferenceProxy;
			fileType = wrapper.framework;
			path = GitHubUpdates.framework;
			remoteRef = 11A5716723D6EB4200437951 /* PBXContainerItemProxy */;
			sourceTree = BUILT_PRODUCTS_DIR;
		};
/* End PBXReferenceProxy section */

/* Begin PBXResourcesBuildPhase section */
		6ADAEF9E23C23DA5008ECF4B /* Resources */ = {
			isa = PBXResourcesBuildPhase;
			buildActionMask = 2147483647;
			files = (
				6A4B7E8F23F9B70F00A6EFFF /* bdmesg in Resources */,
				6A4B7E8B23F9B63300A6EFFF /* alipay.jpg in Resources */,
				6A4B7E8C23F9B63300A6EFFF /* wechatpay.jpg in Resources */,
				6AA6EE0723E5859900BF15FD /* resetLockPicture.command in Resources */,
				6A36D49823F85BD500CD042B /* CloverVersion.command in Resources */,
				6A7649DA23E2BB5C00F6D89A /* nvramValues.command in Resources */,
				6A723E18240E71DE007EB3AD /* diskUnmount.command in Resources */,
				6A723DE8240BEE30007EB3AD /* systeminfo.command in Resources */,
				6AEC979B2407C98F00674533 /* ndisasm in Resources */,
				6A0D773D23C7A917003F5C3A /* Main.storyboard in Resources */,
				6AEC979A2407C98F00674533 /* nasm in Resources */,
				6ADAEFA823C23DA6008ECF4B /* Assets.xcassets in Resources */,
				6AE8345023D8B28B005BADCF /* diskMount.command in Resources */,
				6A723E46240EB1CC007EB3AD /* open.png in Resources */,
				6AC3982123EA94820090A56A /* kextInfo.command in Resources */,
				6ADAEFBB23C257E5008ECF4B /* Hackintosh_build.command in Resources */,
				6A427D1623E4618F00A0B4E3 /* changeLockPicture.command in Resources */,
				116D2D8D23D6C540001FED06 /* rebuildCache.command in Resources */,
				6A7A719123D845DB0082FA94 /* diskInfo.command in Resources */,
				6AAB82D023D22C0E00ACFB81 /* getEFI.command in Resources */,
				6A0DC962241041E3000E9775 /* openEFI.command in Resources */,
				6A21D45923EE869B007D7CE9 /* timeMachine.command in Resources */,
				6A723E48240EB649007EB3AD /* unmount.png in Resources */,
				6A4A9FA323E59F86008D8EF8 /* sipStatus.command in Resources */,
				6AEC97972407C97D00674533 /* mtoc in Resources */,
				116D2D8B23D6C528001FED06 /* unlockSLE.command in Resources */,
				6A2D271423DF364300238E46 /* nvramKeys.command in Resources */,
				6A8E53CF23F3FEEE001E59D3 /* AppleIntelInfo.kext in Resources */,
				6A8E53D123F40289001E59D3 /* AppleIntelInfo.command in Resources */,
				6A723E11240C1D94007EB3AD /* Localizable.strings in Resources */,
				6A54B4752408159A000BCFE7 /* showhiddenFiles.command in Resources */,
				117B27B023E9485C00581352 /* AraHUDView.xib in Resources */,
				6AB8B6FC23D582FC00A993C5 /* spctl.command in Resources */,
				6A20F6B223F80BA700E69F60 /* OCVersion.command in Resources */,
			);
			runOnlyForDeploymentPostprocessing = 0;
		};
/* End PBXResourcesBuildPhase section */

/* Begin PBXSourcesBuildPhase section */
		6ADAEF9C23C23DA5008ECF4B /* Sources */ = {
			isa = PBXSourcesBuildPhase;
			buildActionMask = 2147483647;
			files = (
				6ADAEFA423C23DA5008ECF4B /* AppDelegate.swift in Sources */,
				117B27B423E957C600581352 /* AraHUDView.swift in Sources */,
				6AE76A6523F9AC7C00B931F1 /* ViewControllerPay.swift in Sources */,
				6A817EAE240AB70E003224DE /* TabViewControllerInfo.swift in Sources */,
				1193974C23D1C7BA0096297C /* MyLog.swift in Sources */,
				1158FAB023D6E1610095FED5 /* main.swift in Sources */,
				6A427D1323E459BD00A0B4E3 /* ViewControllerLock.swift in Sources */,
				6ADAEFA623C23DA5008ECF4B /* ViewControllerBuild.swift in Sources */,
				11D5C27A23D1B63700461A78 /* MyAsset.swift in Sources */,
				6A2D271123DF324100238E46 /* ViewControllerNvram.swift in Sources */,
				6A817EB0240ABE74003224DE /* ViewControllerInfo.swift in Sources */,
				6A1E571C23F31AB5004E8430 /* ViewControllerIoreg.swift in Sources */,
				1193974723D1BF380096297C /* ViewControllerOther.swift in Sources */,
				6AAB82CA23D205E300ACFB81 /* ViewControllerEFI.swift in Sources */,
				6A817EB4240ABEDA003224DE /* ViewControllerAppleIntelInfo.swift in Sources */,
				6A817EB2240ABEA6003224DE /* ViewControllerConfig.swift in Sources */,
				117B27B223E94B8E00581352 /* AraHUDViewController.swift in Sources */,
				6A817EB6240ABEF4003224DE /* ViewControllerUpdate.swift in Sources */,
				11D5C27823D1B11300461A78 /* BaseWindowController.swift in Sources */,
				1193974923D1C1390096297C /* MyTool.swift in Sources */,
				6A7A718C23D82DAE0082FA94 /* ViewControllerDisk.swift in Sources */,
			);
			runOnlyForDeploymentPostprocessing = 0;
		};
/* End PBXSourcesBuildPhase section */

/* Begin PBXVariantGroup section */
		6A723E13240C1D94007EB3AD /* Localizable.strings */ = {
			isa = PBXVariantGroup;
			children = (
				6A723E12240C1D94007EB3AD /* en */,
				6A723E16240C1DD0007EB3AD /* zh-Hans */,
			);
			name = Localizable.strings;
			sourceTree = "<group>";
		};
/* End PBXVariantGroup section */

/* Begin XCBuildConfiguration section */
		6ADAEFAE23C23DA6008ECF4B /* Debug */ = {
			isa = XCBuildConfiguration;
			buildSettings = {
				ALWAYS_SEARCH_USER_PATHS = NO;
				CLANG_ANALYZER_LOCALIZABILITY_NONLOCALIZED = YES;
				CLANG_ANALYZER_NONNULL = YES;
				CLANG_ANALYZER_NUMBER_OBJECT_CONVERSION = YES_AGGRESSIVE;
				CLANG_CXX_LANGUAGE_STANDARD = "gnu++14";
				CLANG_CXX_LIBRARY = "libc++";
				CLANG_ENABLE_MODULES = YES;
				CLANG_ENABLE_OBJC_ARC = YES;
				CLANG_ENABLE_OBJC_WEAK = YES;
				CLANG_WARN_BLOCK_CAPTURE_AUTORELEASING = YES;
				CLANG_WARN_BOOL_CONVERSION = YES;
				CLANG_WARN_COMMA = YES;
				CLANG_WARN_CONSTANT_CONVERSION = YES;
				CLANG_WARN_DEPRECATED_OBJC_IMPLEMENTATIONS = YES;
				CLANG_WARN_DIRECT_OBJC_ISA_USAGE = YES_ERROR;
				CLANG_WARN_DOCUMENTATION_COMMENTS = YES;
				CLANG_WARN_EMPTY_BODY = YES;
				CLANG_WARN_ENUM_CONVERSION = YES;
				CLANG_WARN_INFINITE_RECURSION = YES;
				CLANG_WARN_INT_CONVERSION = YES;
				CLANG_WARN_NON_LITERAL_NULL_CONVERSION = YES;
				CLANG_WARN_OBJC_IMPLICIT_RETAIN_SELF = YES;
				CLANG_WARN_OBJC_LITERAL_CONVERSION = YES;
				CLANG_WARN_OBJC_ROOT_CLASS = YES_ERROR;
				CLANG_WARN_RANGE_LOOP_ANALYSIS = YES;
				CLANG_WARN_STRICT_PROTOTYPES = YES;
				CLANG_WARN_SUSPICIOUS_MOVE = YES;
				CLANG_WARN_UNGUARDED_AVAILABILITY = YES_AGGRESSIVE;
				CLANG_WARN_UNREACHABLE_CODE = YES;
				CLANG_WARN__DUPLICATE_METHOD_MATCH = YES;
				COPY_PHASE_STRIP = NO;
				DEBUG_INFORMATION_FORMAT = dwarf;
				ENABLE_STRICT_OBJC_MSGSEND = YES;
				ENABLE_TESTABILITY = YES;
				GCC_C_LANGUAGE_STANDARD = gnu11;
				GCC_DYNAMIC_NO_PIC = NO;
				GCC_NO_COMMON_BLOCKS = YES;
				GCC_OPTIMIZATION_LEVEL = 0;
				GCC_PREPROCESSOR_DEFINITIONS = (
					"DEBUG=1",
					"$(inherited)",
				);
				GCC_WARN_64_TO_32_BIT_CONVERSION = YES;
				GCC_WARN_ABOUT_RETURN_TYPE = YES_ERROR;
				GCC_WARN_UNDECLARED_SELECTOR = YES;
				GCC_WARN_UNINITIALIZED_AUTOS = YES_AGGRESSIVE;
				GCC_WARN_UNUSED_FUNCTION = YES;
				GCC_WARN_UNUSED_VARIABLE = YES;
				MACOSX_DEPLOYMENT_TARGET = 10.15;
				MTL_ENABLE_DEBUG_INFO = INCLUDE_SOURCE;
				MTL_FAST_MATH = YES;
				ONLY_ACTIVE_ARCH = YES;
				SDKROOT = macosx;
				SWIFT_ACTIVE_COMPILATION_CONDITIONS = DEBUG;
				SWIFT_OPTIMIZATION_LEVEL = "-Onone";
			};
			name = Debug;
		};
		6ADAEFAF23C23DA6008ECF4B /* Release */ = {
			isa = XCBuildConfiguration;
			buildSettings = {
				ALWAYS_SEARCH_USER_PATHS = NO;
				CLANG_ANALYZER_LOCALIZABILITY_NONLOCALIZED = YES;
				CLANG_ANALYZER_NONNULL = YES;
				CLANG_ANALYZER_NUMBER_OBJECT_CONVERSION = YES_AGGRESSIVE;
				CLANG_CXX_LANGUAGE_STANDARD = "gnu++14";
				CLANG_CXX_LIBRARY = "libc++";
				CLANG_ENABLE_MODULES = YES;
				CLANG_ENABLE_OBJC_ARC = YES;
				CLANG_ENABLE_OBJC_WEAK = YES;
				CLANG_WARN_BLOCK_CAPTURE_AUTORELEASING = YES;
				CLANG_WARN_BOOL_CONVERSION = YES;
				CLANG_WARN_COMMA = YES;
				CLANG_WARN_CONSTANT_CONVERSION = YES;
				CLANG_WARN_DEPRECATED_OBJC_IMPLEMENTATIONS = YES;
				CLANG_WARN_DIRECT_OBJC_ISA_USAGE = YES_ERROR;
				CLANG_WARN_DOCUMENTATION_COMMENTS = YES;
				CLANG_WARN_EMPTY_BODY = YES;
				CLANG_WARN_ENUM_CONVERSION = YES;
				CLANG_WARN_INFINITE_RECURSION = YES;
				CLANG_WARN_INT_CONVERSION = YES;
				CLANG_WARN_NON_LITERAL_NULL_CONVERSION = YES;
				CLANG_WARN_OBJC_IMPLICIT_RETAIN_SELF = YES;
				CLANG_WARN_OBJC_LITERAL_CONVERSION = YES;
				CLANG_WARN_OBJC_ROOT_CLASS = YES_ERROR;
				CLANG_WARN_RANGE_LOOP_ANALYSIS = YES;
				CLANG_WARN_STRICT_PROTOTYPES = YES;
				CLANG_WARN_SUSPICIOUS_MOVE = YES;
				CLANG_WARN_UNGUARDED_AVAILABILITY = YES_AGGRESSIVE;
				CLANG_WARN_UNREACHABLE_CODE = YES;
				CLANG_WARN__DUPLICATE_METHOD_MATCH = YES;
				COPY_PHASE_STRIP = NO;
				DEBUG_INFORMATION_FORMAT = "dwarf-with-dsym";
				ENABLE_NS_ASSERTIONS = NO;
				ENABLE_STRICT_OBJC_MSGSEND = YES;
				GCC_C_LANGUAGE_STANDARD = gnu11;
				GCC_NO_COMMON_BLOCKS = YES;
				GCC_WARN_64_TO_32_BIT_CONVERSION = YES;
				GCC_WARN_ABOUT_RETURN_TYPE = YES_ERROR;
				GCC_WARN_UNDECLARED_SELECTOR = YES;
				GCC_WARN_UNINITIALIZED_AUTOS = YES_AGGRESSIVE;
				GCC_WARN_UNUSED_FUNCTION = YES;
				GCC_WARN_UNUSED_VARIABLE = YES;
				MACOSX_DEPLOYMENT_TARGET = 10.15;
				MTL_ENABLE_DEBUG_INFO = NO;
				MTL_FAST_MATH = YES;
				SDKROOT = macosx;
				SWIFT_COMPILATION_MODE = wholemodule;
				SWIFT_OPTIMIZATION_LEVEL = "-O";
			};
			name = Release;
		};
		6ADAEFB123C23DA6008ECF4B /* Debug */ = {
			isa = XCBuildConfiguration;
			buildSettings = {
				ASSETCATALOG_COMPILER_APPICON_NAME = AppIcon;
				CODE_SIGN_ENTITLEMENTS = HackintoshBuild/HackintoshBuild.entitlements;
				CODE_SIGN_IDENTITY = "Apple Development";
				CODE_SIGN_STYLE = Automatic;
				COMBINE_HIDPI_IMAGES = YES;
				CURRENT_PROJECT_VERSION = 7;
				DEVELOPMENT_TEAM = B84MTH5WF4;
				ENABLE_HARDENED_RUNTIME = YES;
				FRAMEWORK_SEARCH_PATHS = (
					"$(inherited)",
					"$(PROJECT_DIR)",
				);
				INFOPLIST_FILE = HackintoshBuild/Info.plist;
				LD_RUNPATH_SEARCH_PATHS = (
					"$(inherited)",
					"@executable_path/../Frameworks",
				);
				MACOSX_DEPLOYMENT_TARGET = 10.13;
				MARKETING_VERSION = 1.6;
				OTHER_SWIFT_FLAGS = "-D DEBUG";
				PRODUCT_BUNDLE_IDENTIFIER = bugprogrammer.HackintoshBuild;
				PRODUCT_NAME = "$(TARGET_NAME)";
				PROVISIONING_PROFILE_SPECIFIER = "";
				SWIFT_VERSION = 5.0;
			};
			name = Debug;
		};
		6ADAEFB223C23DA6008ECF4B /* Release */ = {
			isa = XCBuildConfiguration;
			buildSettings = {
				ASSETCATALOG_COMPILER_APPICON_NAME = AppIcon;
				CODE_SIGN_ENTITLEMENTS = HackintoshBuild/HackintoshBuild.entitlements;
				CODE_SIGN_IDENTITY = "Apple Development";
				CODE_SIGN_STYLE = Automatic;
				COMBINE_HIDPI_IMAGES = YES;
				CURRENT_PROJECT_VERSION = 7;
				DEVELOPMENT_TEAM = B84MTH5WF4;
				ENABLE_HARDENED_RUNTIME = YES;
				FRAMEWORK_SEARCH_PATHS = (
					"$(inherited)",
					"$(PROJECT_DIR)",
				);
				INFOPLIST_FILE = HackintoshBuild/Info.plist;
				LD_RUNPATH_SEARCH_PATHS = (
					"$(inherited)",
					"@executable_path/../Frameworks",
				);
				MACOSX_DEPLOYMENT_TARGET = 10.13;
				MARKETING_VERSION = 1.6;
				OTHER_SWIFT_FLAGS = "";
				PRODUCT_BUNDLE_IDENTIFIER = bugprogrammer.HackintoshBuild;
				PRODUCT_NAME = "$(TARGET_NAME)";
				PROVISIONING_PROFILE_SPECIFIER = "";
				SWIFT_VERSION = 5.0;
			};
			name = Release;
		};
/* End XCBuildConfiguration section */

/* Begin XCConfigurationList section */
		6ADAEF9B23C23DA5008ECF4B /* Build configuration list for PBXProject "HackintoshBuild" */ = {
			isa = XCConfigurationList;
			buildConfigurations = (
				6ADAEFAE23C23DA6008ECF4B /* Debug */,
				6ADAEFAF23C23DA6008ECF4B /* Release */,
			);
			defaultConfigurationIsVisible = 0;
			defaultConfigurationName = Release;
		};
		6ADAEFB023C23DA6008ECF4B /* Build configuration list for PBXNativeTarget "HackintoshBuild" */ = {
			isa = XCConfigurationList;
			buildConfigurations = (
				6ADAEFB123C23DA6008ECF4B /* Debug */,
				6ADAEFB223C23DA6008ECF4B /* Release */,
			);
			defaultConfigurationIsVisible = 0;
			defaultConfigurationName = Release;
		};
/* End XCConfigurationList section */
	};
	rootObject = 6ADAEF9823C23DA5008ECF4B /* Project object */;
}
