// !$*UTF8*$!
{
	archiveVersion = 1;
	classes = {
	};
	objectVersion = 52;
	objects = {

/* Begin PBXBuildFile section */
		1193974723D1BF380096297C /* ViewControllerOther.swift in Sources */ = {isa = PBXBuildFile; fileRef = 1193974623D1BF380096297C /* ViewControllerOther.swift */; };
		1193974923D1C1390096297C /* MyTool.swift in Sources */ = {isa = PBXBuildFile; fileRef = 1193974823D1C1390096297C /* MyTool.swift */; };
		1193974C23D1C7BA0096297C /* MyLog.swift in Sources */ = {isa = PBXBuildFile; fileRef = 1193974B23D1C7BA0096297C /* MyLog.swift */; };
		11D5C27823D1B11300461A78 /* BaseWindowController.swift in Sources */ = {isa = PBXBuildFile; fileRef = 11D5C27723D1B11300461A78 /* BaseWindowController.swift */; };
		11D5C27A23D1B63700461A78 /* MyAsset.swift in Sources */ = {isa = PBXBuildFile; fileRef = 11D5C27923D1B63700461A78 /* MyAsset.swift */; };
		6A0D773D23C7A917003F5C3A /* Main.storyboard in Resources */ = {isa = PBXBuildFile; fileRef = 6A0D773C23C7A744003F5C3A /* Main.storyboard */; };
		6ADAEFA423C23DA5008ECF4B /* AppDelegate.swift in Sources */ = {isa = PBXBuildFile; fileRef = 6ADAEFA323C23DA5008ECF4B /* AppDelegate.swift */; };
		6ADAEFA623C23DA5008ECF4B /* ViewControllerBuild.swift in Sources */ = {isa = PBXBuildFile; fileRef = 6ADAEFA523C23DA5008ECF4B /* ViewControllerBuild.swift */; };
		6ADAEFA823C23DA6008ECF4B /* Assets.xcassets in Resources */ = {isa = PBXBuildFile; fileRef = 6ADAEFA723C23DA6008ECF4B /* Assets.xcassets */; };
		6ADAEFBB23C257E5008ECF4B /* Hackintosh_build.command in Resources */ = {isa = PBXBuildFile; fileRef = 6ADAEFBA23C257E5008ECF4B /* Hackintosh_build.command */; };
/* End PBXBuildFile section */

/* Begin PBXFileReference section */
		1193974623D1BF380096297C /* ViewControllerOther.swift */ = {isa = PBXFileReference; lastKnownFileType = sourcecode.swift; path = ViewControllerOther.swift; sourceTree = "<group>"; };
		1193974823D1C1390096297C /* MyTool.swift */ = {isa = PBXFileReference; lastKnownFileType = sourcecode.swift; path = MyTool.swift; sourceTree = "<group>"; };
		1193974B23D1C7BA0096297C /* MyLog.swift */ = {isa = PBXFileReference; lastKnownFileType = sourcecode.swift; path = MyLog.swift; sourceTree = "<group>"; };
		11D5C27723D1B11300461A78 /* BaseWindowController.swift */ = {isa = PBXFileReference; lastKnownFileType = sourcecode.swift; path = BaseWindowController.swift; sourceTree = "<group>"; };
		11D5C27923D1B63700461A78 /* MyAsset.swift */ = {isa = PBXFileReference; lastKnownFileType = sourcecode.swift; path = MyAsset.swift; sourceTree = "<group>"; };
		6A0D773C23C7A744003F5C3A /* Main.storyboard */ = {isa = PBXFileReference; lastKnownFileType = file.storyboard; name = Main.storyboard; path = Base.lproj/Main.storyboard; sourceTree = "<group>"; };
		6ADAEFA023C23DA5008ECF4B /* HackintoshBuild.app */ = {isa = PBXFileReference; explicitFileType = wrapper.application; includeInIndex = 0; path = HackintoshBuild.app; sourceTree = BUILT_PRODUCTS_DIR; };
		6ADAEFA323C23DA5008ECF4B /* AppDelegate.swift */ = {isa = PBXFileReference; lastKnownFileType = sourcecode.swift; path = AppDelegate.swift; sourceTree = "<group>"; };
		6ADAEFA523C23DA5008ECF4B /* ViewControllerBuild.swift */ = {isa = PBXFileReference; lastKnownFileType = sourcecode.swift; path = ViewControllerBuild.swift; sourceTree = "<group>"; };
		6ADAEFA723C23DA6008ECF4B /* Assets.xcassets */ = {isa = PBXFileReference; lastKnownFileType = folder.assetcatalog; path = Assets.xcassets; sourceTree = "<group>"; };
		6ADAEFAC23C23DA6008ECF4B /* Info.plist */ = {isa = PBXFileReference; lastKnownFileType = text.plist.xml; path = Info.plist; sourceTree = "<group>"; };
		6ADAEFAD23C23DA6008ECF4B /* HackintoshBuild.entitlements */ = {isa = PBXFileReference; lastKnownFileType = text.plist.entitlements; path = HackintoshBuild.entitlements; sourceTree = "<group>"; };
		6ADAEFBA23C257E5008ECF4B /* Hackintosh_build.command */ = {isa = PBXFileReference; fileEncoding = 4; lastKnownFileType = text.script.sh; path = Hackintosh_build.command; sourceTree = "<group>"; };
/* End PBXFileReference section */

/* Begin PBXFrameworksBuildPhase section */
		6ADAEF9D23C23DA5008ECF4B /* Frameworks */ = {
			isa = PBXFrameworksBuildPhase;
			buildActionMask = 2147483647;
			files = (
			);
			runOnlyForDeploymentPostprocessing = 0;
		};
/* End PBXFrameworksBuildPhase section */

/* Begin PBXGroup section */
		1193974A23D1C7690096297C /* Global */ = {
			isa = PBXGroup;
			children = (
				1193974823D1C1390096297C /* MyTool.swift */,
				11D5C27923D1B63700461A78 /* MyAsset.swift */,
				1193974B23D1C7BA0096297C /* MyLog.swift */,
			);
			path = Global;
			sourceTree = "<group>";
		};
		11D5C27B23D1B63A00461A78 /* Supporting Files */ = {
			isa = PBXGroup;
			children = (
				6ADAEFA323C23DA5008ECF4B /* AppDelegate.swift */,
				6ADAEFA723C23DA6008ECF4B /* Assets.xcassets */,
				6ADAEFAC23C23DA6008ECF4B /* Info.plist */,
				6ADAEFAD23C23DA6008ECF4B /* HackintoshBuild.entitlements */,
			);
			name = "Supporting Files";
			sourceTree = "<group>";
		};
		6ADAEF9723C23DA5008ECF4B = {
			isa = PBXGroup;
			children = (
				6ADAEFA223C23DA5008ECF4B /* HackintoshBuild */,
				6ADAEFA123C23DA5008ECF4B /* Products */,
			);
			sourceTree = "<group>";
		};
		6ADAEFA123C23DA5008ECF4B /* Products */ = {
			isa = PBXGroup;
			children = (
				6ADAEFA023C23DA5008ECF4B /* HackintoshBuild.app */,
			);
			name = Products;
			sourceTree = "<group>";
		};
		6ADAEFA223C23DA5008ECF4B /* HackintoshBuild */ = {
			isa = PBXGroup;
			children = (
				1193974A23D1C7690096297C /* Global */,
				11D5C27723D1B11300461A78 /* BaseWindowController.swift */,
				6ADAEFA523C23DA5008ECF4B /* ViewControllerBuild.swift */,
				1193974623D1BF380096297C /* ViewControllerOther.swift */,
				6A0D773C23C7A744003F5C3A /* Main.storyboard */,
				6ADAEFBA23C257E5008ECF4B /* Hackintosh_build.command */,
				11D5C27B23D1B63A00461A78 /* Supporting Files */,
			);
			path = HackintoshBuild;
			sourceTree = "<group>";
		};
/* End PBXGroup section */

/* Begin PBXNativeTarget section */
		6ADAEF9F23C23DA5008ECF4B /* HackintoshBuild */ = {
			isa = PBXNativeTarget;
			buildConfigurationList = 6ADAEFB023C23DA6008ECF4B /* Build configuration list for PBXNativeTarget "HackintoshBuild" */;
			buildPhases = (
				6ADAEF9C23C23DA5008ECF4B /* Sources */,
				6ADAEF9D23C23DA5008ECF4B /* Frameworks */,
				6ADAEF9E23C23DA5008ECF4B /* Resources */,
			);
			buildRules = (
			);
			dependencies = (
			);
			name = HackintoshBuild;
			productName = HackintoshBuild;
			productReference = 6ADAEFA023C23DA5008ECF4B /* HackintoshBuild.app */;
			productType = "com.apple.product-type.application";
		};
/* End PBXNativeTarget section */

/* Begin PBXProject section */
		6ADAEF9823C23DA5008ECF4B /* Project object */ = {
			isa = PBXProject;
			attributes = {
				LastSwiftUpdateCheck = 1130;
				LastUpgradeCheck = 1130;
				ORGANIZATIONNAME = wbx;
				TargetAttributes = {
					6ADAEF9F23C23DA5008ECF4B = {
						CreatedOnToolsVersion = 11.3;
					};
				};
			};
			buildConfigurationList = 6ADAEF9B23C23DA5008ECF4B /* Build configuration list for PBXProject "HackintoshBuild" */;
			compatibilityVersion = "Xcode 11.0";
			developmentRegion = en;
			hasScannedForEncodings = 0;
			knownRegions = (
				en,
				Base,
			);
			mainGroup = 6ADAEF9723C23DA5008ECF4B;
			productRefGroup = 6ADAEFA123C23DA5008ECF4B /* Products */;
			projectDirPath = "";
			projectRoot = "";
			targets = (
				6ADAEF9F23C23DA5008ECF4B /* HackintoshBuild */,
			);
		};
/* End PBXProject section */

/* Begin PBXResourcesBuildPhase section */
		6ADAEF9E23C23DA5008ECF4B /* Resources */ = {
			isa = PBXResourcesBuildPhase;
			buildActionMask = 2147483647;
			files = (
				6A0D773D23C7A917003F5C3A /* Main.storyboard in Resources */,
				6ADAEFA823C23DA6008ECF4B /* Assets.xcassets in Resources */,
				6ADAEFBB23C257E5008ECF4B /* Hackintosh_build.command in Resources */,
			);
			runOnlyForDeploymentPostprocessing = 0;
		};
/* End PBXResourcesBuildPhase section */

/* Begin PBXSourcesBuildPhase section */
		6ADAEF9C23C23DA5008ECF4B /* Sources */ = {
			isa = PBXSourcesBuildPhase;
			buildActionMask = 2147483647;
			files = (
				6ADAEFA423C23DA5008ECF4B /* AppDelegate.swift in Sources */,
				1193974C23D1C7BA0096297C /* MyLog.swift in Sources */,
				6ADAEFA623C23DA5008ECF4B /* ViewControllerBuild.swift in Sources */,
				11D5C27A23D1B63700461A78 /* MyAsset.swift in Sources */,
				1193974723D1BF380096297C /* ViewControllerOther.swift in Sources */,
				11D5C27823D1B11300461A78 /* BaseWindowController.swift in Sources */,
				1193974923D1C1390096297C /* MyTool.swift in Sources */,
			);
			runOnlyForDeploymentPostprocessing = 0;
		};
/* End PBXSourcesBuildPhase section */

/* Begin XCBuildConfiguration section */
		6ADAEFAE23C23DA6008ECF4B /* Debug */ = {
			isa = XCBuildConfiguration;
			buildSettings = {
				ALWAYS_SEARCH_USER_PATHS = NO;
				CLANG_ANALYZER_NONNULL = YES;
				CLANG_ANALYZER_NUMBER_OBJECT_CONVERSION = YES_AGGRESSIVE;
				CLANG_CXX_LANGUAGE_STANDARD = "gnu++14";
				CLANG_CXX_LIBRARY = "libc++";
				CLANG_ENABLE_MODULES = YES;
				CLANG_ENABLE_OBJC_ARC = YES;
				CLANG_ENABLE_OBJC_WEAK = YES;
				CLANG_WARN_BLOCK_CAPTURE_AUTORELEASING = YES;
				CLANG_WARN_BOOL_CONVERSION = YES;
				CLANG_WARN_COMMA = YES;
				CLANG_WARN_CONSTANT_CONVERSION = YES;
				CLANG_WARN_DEPRECATED_OBJC_IMPLEMENTATIONS = YES;
				CLANG_WARN_DIRECT_OBJC_ISA_USAGE = YES_ERROR;
				CLANG_WARN_DOCUMENTATION_COMMENTS = YES;
				CLANG_WARN_EMPTY_BODY = YES;
				CLANG_WARN_ENUM_CONVERSION = YES;
				CLANG_WARN_INFINITE_RECURSION = YES;
				CLANG_WARN_INT_CONVERSION = YES;
				CLANG_WARN_NON_LITERAL_NULL_CONVERSION = YES;
				CLANG_WARN_OBJC_IMPLICIT_RETAIN_SELF = YES;
				CLANG_WARN_OBJC_LITERAL_CONVERSION = YES;
				CLANG_WARN_OBJC_ROOT_CLASS = YES_ERROR;
				CLANG_WARN_RANGE_LOOP_ANALYSIS = YES;
				CLANG_WARN_STRICT_PROTOTYPES = YES;
				CLANG_WARN_SUSPICIOUS_MOVE = YES;
				CLANG_WARN_UNGUARDED_AVAILABILITY = YES_AGGRESSIVE;
				CLANG_WARN_UNREACHABLE_CODE = YES;
				CLANG_WARN__DUPLICATE_METHOD_MATCH = YES;
				COPY_PHASE_STRIP = NO;
				DEBUG_INFORMATION_FORMAT = dwarf;
				ENABLE_STRICT_OBJC_MSGSEND = YES;
				ENABLE_TESTABILITY = YES;
				GCC_C_LANGUAGE_STANDARD = gnu11;
				GCC_DYNAMIC_NO_PIC = NO;
				GCC_NO_COMMON_BLOCKS = YES;
				GCC_OPTIMIZATION_LEVEL = 0;
				GCC_PREPROCESSOR_DEFINITIONS = (
					"DEBUG=1",
					"$(inherited)",
				);
				GCC_WARN_64_TO_32_BIT_CONVERSION = YES;
				GCC_WARN_ABOUT_RETURN_TYPE = YES_ERROR;
				GCC_WARN_UNDECLARED_SELECTOR = YES;
				GCC_WARN_UNINITIALIZED_AUTOS = YES_AGGRESSIVE;
				GCC_WARN_UNUSED_FUNCTION = YES;
				GCC_WARN_UNUSED_VARIABLE = YES;
				MACOSX_DEPLOYMENT_TARGET = 10.15;
				MTL_ENABLE_DEBUG_INFO = INCLUDE_SOURCE;
				MTL_FAST_MATH = YES;
				ONLY_ACTIVE_ARCH = YES;
				SDKROOT = macosx;
				SWIFT_ACTIVE_COMPILATION_CONDITIONS = DEBUG;
				SWIFT_OPTIMIZATION_LEVEL = "-Onone";
			};
			name = Debug;
		};
		6ADAEFAF23C23DA6008ECF4B /* Release */ = {
			isa = XCBuildConfiguration;
			buildSettings = {
				ALWAYS_SEARCH_USER_PATHS = NO;
				CLANG_ANALYZER_NONNULL = YES;
				CLANG_ANALYZER_NUMBER_OBJECT_CONVERSION = YES_AGGRESSIVE;
				CLANG_CXX_LANGUAGE_STANDARD = "gnu++14";
				CLANG_CXX_LIBRARY = "libc++";
				CLANG_ENABLE_MODULES = YES;
				CLANG_ENABLE_OBJC_ARC = YES;
				CLANG_ENABLE_OBJC_WEAK = YES;
				CLANG_WARN_BLOCK_CAPTURE_AUTORELEASING = YES;
				CLANG_WARN_BOOL_CONVERSION = YES;
				CLANG_WARN_COMMA = YES;
				CLANG_WARN_CONSTANT_CONVERSION = YES;
				CLANG_WARN_DEPRECATED_OBJC_IMPLEMENTATIONS = YES;
				CLANG_WARN_DIRECT_OBJC_ISA_USAGE = YES_ERROR;
				CLANG_WARN_DOCUMENTATION_COMMENTS = YES;
				CLANG_WARN_EMPTY_BODY = YES;
				CLANG_WARN_ENUM_CONVERSION = YES;
				CLANG_WARN_INFINITE_RECURSION = YES;
				CLANG_WARN_INT_CONVERSION = YES;
				CLANG_WARN_NON_LITERAL_NULL_CONVERSION = YES;
				CLANG_WARN_OBJC_IMPLICIT_RETAIN_SELF = YES;
				CLANG_WARN_OBJC_LITERAL_CONVERSION = YES;
				CLANG_WARN_OBJC_ROOT_CLASS = YES_ERROR;
				CLANG_WARN_RANGE_LOOP_ANALYSIS = YES;
				CLANG_WARN_STRICT_PROTOTYPES = YES;
				CLANG_WARN_SUSPICIOUS_MOVE = YES;
				CLANG_WARN_UNGUARDED_AVAILABILITY = YES_AGGRESSIVE;
				CLANG_WARN_UNREACHABLE_CODE = YES;
				CLANG_WARN__DUPLICATE_METHOD_MATCH = YES;
				COPY_PHASE_STRIP = NO;
				DEBUG_INFORMATION_FORMAT = "dwarf-with-dsym";
				ENABLE_NS_ASSERTIONS = NO;
				ENABLE_STRICT_OBJC_MSGSEND = YES;
				GCC_C_LANGUAGE_STANDARD = gnu11;
				GCC_NO_COMMON_BLOCKS = YES;
				GCC_WARN_64_TO_32_BIT_CONVERSION = YES;
				GCC_WARN_ABOUT_RETURN_TYPE = YES_ERROR;
				GCC_WARN_UNDECLARED_SELECTOR = YES;
				GCC_WARN_UNINITIALIZED_AUTOS = YES_AGGRESSIVE;
				GCC_WARN_UNUSED_FUNCTION = YES;
				GCC_WARN_UNUSED_VARIABLE = YES;
				MACOSX_DEPLOYMENT_TARGET = 10.15;
				MTL_ENABLE_DEBUG_INFO = NO;
				MTL_FAST_MATH = YES;
				SDKROOT = macosx;
				SWIFT_COMPILATION_MODE = wholemodule;
				SWIFT_OPTIMIZATION_LEVEL = "-O";
			};
			name = Release;
		};
		6ADAEFB123C23DA6008ECF4B /* Debug */ = {
			isa = XCBuildConfiguration;
			buildSettings = {
				ASSETCATALOG_COMPILER_APPICON_NAME = AppIcon;
				CODE_SIGN_ENTITLEMENTS = HackintoshBuild/HackintoshBuild.entitlements;
				CODE_SIGN_STYLE = Manual;
				COMBINE_HIDPI_IMAGES = YES;
				DEVELOPMENT_TEAM = "";
				INFOPLIST_FILE = HackintoshBuild/Info.plist;
				LD_RUNPATH_SEARCH_PATHS = (
					"$(inherited)",
					"@executable_path/../Frameworks",
				);
				MACOSX_DEPLOYMENT_TARGET = 10.15;
				OTHER_SWIFT_FLAGS = "-D DEBUG";
				PRODUCT_BUNDLE_IDENTIFIER = bugprogrammer.HackintoshBuild;
				PRODUCT_NAME = "$(TARGET_NAME)";
				PROVISIONING_PROFILE_SPECIFIER = "";
				SWIFT_VERSION = 5.0;
			};
			name = Debug;
		};
		6ADAEFB223C23DA6008ECF4B /* Release */ = {
			isa = XCBuildConfiguration;
			buildSettings = {
				ASSETCATALOG_COMPILER_APPICON_NAME = AppIcon;
				CODE_SIGN_ENTITLEMENTS = HackintoshBuild/HackintoshBuild.entitlements;
				CODE_SIGN_STYLE = Manual;
				COMBINE_HIDPI_IMAGES = YES;
				DEVELOPMENT_TEAM = "";
				INFOPLIST_FILE = HackintoshBuild/Info.plist;
				LD_RUNPATH_SEARCH_PATHS = (
					"$(inherited)",
					"@executable_path/../Frameworks",
				);
				MACOSX_DEPLOYMENT_TARGET = 10.15;
				OTHER_SWIFT_FLAGS = "";
				PRODUCT_BUNDLE_IDENTIFIER = bugprogrammer.HackintoshBuild;
				PRODUCT_NAME = "$(TARGET_NAME)";
				PROVISIONING_PROFILE_SPECIFIER = "";
				SWIFT_VERSION = 5.0;
			};
			name = Release;
		};
/* End XCBuildConfiguration section */

/* Begin XCConfigurationList section */
		6ADAEF9B23C23DA5008ECF4B /* Build configuration list for PBXProject "HackintoshBuild" */ = {
			isa = XCConfigurationList;
			buildConfigurations = (
				6ADAEFAE23C23DA6008ECF4B /* Debug */,
				6ADAEFAF23C23DA6008ECF4B /* Release */,
			);
			defaultConfigurationIsVisible = 0;
			defaultConfigurationName = Release;
		};
		6ADAEFB023C23DA6008ECF4B /* Build configuration list for PBXNativeTarget "HackintoshBuild" */ = {
			isa = XCConfigurationList;
			buildConfigurations = (
				6ADAEFB123C23DA6008ECF4B /* Debug */,
				6ADAEFB223C23DA6008ECF4B /* Release */,
			);
			defaultConfigurationIsVisible = 0;
			defaultConfigurationName = Release;
		};
/* End XCConfigurationList section */
	};
	rootObject = 6ADAEF9823C23DA5008ECF4B /* Project object */;
}
